// !$*UTF8*$!
{
	archiveVersion = 1;
	classes = {
	};
	objectVersion = 46;
	objects = {
/* Begin PBXBuildFile section */
		00C302E51ABCBA2D00DB3ED1 /* libRCTActionSheet.a in Frameworks */ = {isa = PBXBuildFile; fileRef = 00C302AC1ABCB8CE00DB3ED1 /* libRCTActionSheet.a */; };
		00C302E71ABCBA2D00DB3ED1 /* libRCTGeolocation.a in Frameworks */ = {isa = PBXBuildFile; fileRef = 00C302BA1ABCB90400DB3ED1 /* libRCTGeolocation.a */; };
		00C302E81ABCBA2D00DB3ED1 /* libRCTImage.a in Frameworks */ = {isa = PBXBuildFile; fileRef = 00C302C01ABCB91800DB3ED1 /* libRCTImage.a */; };
		00C302E91ABCBA2D00DB3ED1 /* libRCTNetwork.a in Frameworks */ = {isa = PBXBuildFile; fileRef = 00C302DC1ABCB9D200DB3ED1 /* libRCTNetwork.a */; };
		00C302EA1ABCBA2D00DB3ED1 /* libRCTVibration.a in Frameworks */ = {isa = PBXBuildFile; fileRef = 00C302E41ABCB9EE00DB3ED1 /* libRCTVibration.a */; };
		00E356F31AD99517003FC87E /* ShoutemAppTests.m in Sources */ = {isa = PBXBuildFile; fileRef = 00E356F21AD99517003FC87E /* ShoutemAppTests.m */; };
		0C0D5CD0FCF14733B5FEA643 /* Rubik-Italic.ttf in Resources */ = {isa = PBXBuildFile; fileRef = 49057C3259AC4BF595C560C0 /* Rubik-Italic.ttf */; };
		0EB83006BFF548A290759A49 /* Rubik-Light.ttf in Resources */ = {isa = PBXBuildFile; fileRef = 1F6C9D902A9741FD8E0F16D0 /* Rubik-Light.ttf */; };
		139105C61AF99C1200B5F7CC /* libRCTSettings.a in Frameworks */ = {isa = PBXBuildFile; fileRef = 139105C11AF99BAD00B5F7CC /* libRCTSettings.a */; };
		139FDEF61B0652A700C62182 /* libRCTWebSocket.a in Frameworks */ = {isa = PBXBuildFile; fileRef = 139FDEF41B06529B00C62182 /* libRCTWebSocket.a */; };
		13B07FBC1A68108700A75B9A /* AppDelegate.m in Sources */ = {isa = PBXBuildFile; fileRef = 13B07FB01A68108700A75B9A /* AppDelegate.m */; };
		13B07FBF1A68108700A75B9A /* Images.xcassets in Resources */ = {isa = PBXBuildFile; fileRef = 13B07FB51A68108700A75B9A /* Images.xcassets */; };
		13B07FC11A68108700A75B9A /* main.m in Sources */ = {isa = PBXBuildFile; fileRef = 13B07FB71A68108700A75B9A /* main.m */; };
		140ED2AC1D01E1AD002B40FF /* libReact.a in Frameworks */ = {isa = PBXBuildFile; fileRef = 146834041AC3E56700842450 /* libReact.a */; };
		146834051AC3E58100842450 /* libReact.a in Frameworks */ = {isa = PBXBuildFile; fileRef = 146834041AC3E56700842450 /* libReact.a */; };
		14BC0CBC1DBA09AE000FFB6B /* CoreData.framework in Frameworks */ = {isa = PBXBuildFile; fileRef = 14BC0CBB1DBA09AE000FFB6B /* CoreData.framework */; };
		14BC0CBE1DBA09B9000FFB6B /* SystemConfiguration.framework in Frameworks */ = {isa = PBXBuildFile; fileRef = 14BC0CBD1DBA09B9000FFB6B /* SystemConfiguration.framework */; };
		14BC0CC01DBA09C6000FFB6B /* libsqlite3.0.tbd in Frameworks */ = {isa = PBXBuildFile; fileRef = 14BC0CBF1DBA09C6000FFB6B /* libsqlite3.0.tbd */; };
		14FB65A5708F47B3A0A42938 /* Ionicons.ttf in Resources */ = {isa = PBXBuildFile; fileRef = 40D0AF613C1A4641A0FC53FD /* Ionicons.ttf */; };
		2787A9AA1DFB06A400CED4F3 /* LaunchScreen.xib in Resources */ = {isa = PBXBuildFile; fileRef = 2787A9A91DFB06A400CED4F3 /* LaunchScreen.xib */; };
		279BE67A1D9D0A5A0038502E /* libRCTLinking.a in Frameworks */ = {isa = PBXBuildFile; fileRef = 279BE6791D9D0A190038502E /* libRCTLinking.a */; };
		4A70736E87B94476BC6D3E01 /* OFL.txt in Resources */ = {isa = PBXBuildFile; fileRef = A2E4D4E194DC4F61B2E45B32 /* OFL.txt */; };
		4E2762864E76495CA720B072 /* Rubik-Black.ttf in Resources */ = {isa = PBXBuildFile; fileRef = B2E7B67E7F514192B227342F /* Rubik-Black.ttf */; };
		576B8ABE2E1947A5909B1925 /* EvilIcons.ttf in Resources */ = {isa = PBXBuildFile; fileRef = EF5662F18A9E493DAC7131CB /* EvilIcons.ttf */; };
		5C3C11111644BCC25BE8FEDA /* Pods_ShoutemAppTests.framework in Frameworks */ = {isa = PBXBuildFile; fileRef = 99111C603EE0D8CA58595699 /* Pods_ShoutemAppTests.framework */; };
		6279BF3F4E1F4C3D8CF5EAE5 /* FontAwesome.ttf in Resources */ = {isa = PBXBuildFile; fileRef = 465FAB230718430789478FBB /* FontAwesome.ttf */; };
		6DF4BDC11B5F40E7B484208F /* Rubik-MediumItalic.ttf in Resources */ = {isa = PBXBuildFile; fileRef = 0419683CEA504DD8BA684999 /* Rubik-MediumItalic.ttf */; };
		70C55EAC39184B92A63CF853 /* Rubik-Bold.ttf in Resources */ = {isa = PBXBuildFile; fileRef = 940F73BC97204D1D93212595 /* Rubik-Bold.ttf */; };
		7B2977FC4CF24707A62677C4 /* Rubik-BoldItalic.ttf in Resources */ = {isa = PBXBuildFile; fileRef = 0449A2C73D3946AE869E979D /* Rubik-BoldItalic.ttf */; };
		7EB9E0ABCB3646F3AD0825FE /* MaterialIcons.ttf in Resources */ = {isa = PBXBuildFile; fileRef = 7412AE3E73704AF899BB23F1 /* MaterialIcons.ttf */; };
		832341BD1AAA6AB300B99B32 /* libRCTText.a in Frameworks */ = {isa = PBXBuildFile; fileRef = 832341B51AAA6A8300B99B32 /* libRCTText.a */; };
		8DD9E66F1DF861DE00D85AF6 /* libRCTAnimation.a in Frameworks */ = {isa = PBXBuildFile; fileRef = 8DD9E66C1DF8604E00D85AF6 /* libRCTAnimation.a */; };
		923FC9DB07B54381AA40A51A /* Rubik-LightItalic.ttf in Resources */ = {isa = PBXBuildFile; fileRef = DB55DCC1A4564399A404FE53 /* Rubik-LightItalic.ttf */; };
		93012D391E6EE2330035C253 /* FBSDKShareKit.framework in Frameworks */ = {isa = PBXBuildFile; fileRef = 93012D351E6EE2330035C253 /* FBSDKShareKit.framework */; };
		93012D3A1E6EE2330035C253 /* FBSDKLoginKit.framework in Frameworks */ = {isa = PBXBuildFile; fileRef = 93012D361E6EE2330035C253 /* FBSDKLoginKit.framework */; };
		93012D3B1E6EE2330035C253 /* FBSDKCoreKit.framework in Frameworks */ = {isa = PBXBuildFile; fileRef = 93012D371E6EE2330035C253 /* FBSDKCoreKit.framework */; };
		93012D3C1E6EE2330035C253 /* Bolts.framework in Frameworks */ = {isa = PBXBuildFile; fileRef = 93012D381E6EE2330035C253 /* Bolts.framework */; };
		9948637768A541F383D5B20E /* rubicon-icon-font.ttf in Resources */ = {isa = PBXBuildFile; fileRef = F318717567ED439CAA7CDD63 /* rubicon-icon-font.ttf */; };
		9AE20636A8574C3DAA173F91 /* Rubik-Medium.ttf in Resources */ = {isa = PBXBuildFile; fileRef = CC8D10AC14D847C3B13C7643 /* Rubik-Medium.ttf */; };
		A098A3017E7246A89E7E7D6C /* Entypo.ttf in Resources */ = {isa = PBXBuildFile; fileRef = 7EFC29E2138D48C0B5742BA8 /* Entypo.ttf */; };
		A1F8E3AA3C3C4D1487B915E4 /* Octicons.ttf in Resources */ = {isa = PBXBuildFile; fileRef = 2BFD8204FA6A400C87751025 /* Octicons.ttf */; };
		AA3818E08E2C49C8A2B5EEFD /* Rubik-Regular.ttf in Resources */ = {isa = PBXBuildFile; fileRef = 42D23E13D1C24BFB96C8CE3B /* Rubik-Regular.ttf */; };
		DEBCAA5F2CD749ADB242AB07 /* Zocial.ttf in Resources */ = {isa = PBXBuildFile; fileRef = 1CA555BF07B34B10AEBC86B0 /* Zocial.ttf */; };
		DEC43DEE96D54419BD05F659 /* Foundation.ttf in Resources */ = {isa = PBXBuildFile; fileRef = 28D8B4CDF73A43A29C57263B /* Foundation.ttf */; };
		E2CAE3A4905749BD9D3E55FD /* Rubik-BlackItalic.ttf in Resources */ = {isa = PBXBuildFile; fileRef = F441C48F1CB04CAD84D5D2EE /* Rubik-BlackItalic.ttf */; };
		F19D61D860E1AFB199B94E41 /* Pods_ShoutemApp.framework in Frameworks */ = {isa = PBXBuildFile; fileRef = 05A8A2B81EF464A30FA5E609 /* Pods_ShoutemApp.framework */; };
		EE885F440E8346C2918E695C /* libRNVectorIcons.a in Frameworks */ = {isa = PBXBuildFile; fileRef = 45A72E446F1F421CAEE201FB /* libRNVectorIcons.a */; };
		F57FC8DC2125435FB375A2BB /* MaterialCommunityIcons.ttf in Resources */ = {isa = PBXBuildFile; fileRef = ED29697231144237AC93CF7F /* MaterialCommunityIcons.ttf */; };
		4EF328E4CE2348CBB62F4404 /* SimpleLineIcons.ttf in Resources */ = {isa = PBXBuildFile; fileRef = A46A8BE62EA74940BB8420AD /* SimpleLineIcons.ttf */; };
		9C1874778445448A8F8684A3 /* libBVLinearGradient.a in Frameworks */ = {isa = PBXBuildFile; fileRef = 0795AE8A5DA1427DADFF3D81 /* libBVLinearGradient.a */; };
		4FE5E726158D421C9C9FCD71 /* libRNShare.a in Frameworks */ = {isa = PBXBuildFile; fileRef = 1A8D889B60C549E0826A372D /* libRNShare.a */; };
		6868093981984131B6BF94A7 /* libRNImagePicker.a in Frameworks */ = {isa = PBXBuildFile; fileRef = 366BE727073E415C8DCCFF86 /* libRNImagePicker.a */; };
		285D0954F6B14EFBA35F8913 /* libCalendarManager.a in Frameworks */ = {isa = PBXBuildFile; fileRef = F4DA60C97935445A92497D50 /* libCalendarManager.a */; };
		5EB83A3BAF4642C3A336B455 /* libCodePush.a in Frameworks */ = {isa = PBXBuildFile; fileRef = 5D59B619B5AE4AF88DEBB574 /* libCodePush.a */; };
		A255A63F1F384FA59892A269 /* libz.tbd in Frameworks */ = {isa = PBXBuildFile; fileRef = 09510B164BC34CFCB2A9E16E /* libz.tbd */; };
		34A0D6DEE81741D4A0FCF021 /* libRCTFBSDK.a in Frameworks */ = {isa = PBXBuildFile; fileRef = 65121A56F9BE47DC81146D62 /* libRCTFBSDK.a */; };
		4261A38167B44414BC212B96 /* libRCTGoogleAnalyticsBridge.a in Frameworks */ = {isa = PBXBuildFile; fileRef = 55593D19EAAC4389866AB0A9 /* libRCTGoogleAnalyticsBridge.a */; };
		329A6AE6AA4548A68ACD8B90 /* libRCTRestart.a in Frameworks */ = {isa = PBXBuildFile; fileRef = 6C7A705A24DA4E709C98BB05 /* libRCTRestart.a */; };
		3B9F162D6FC345EABB281F8C /* libAirMaps.a in Frameworks */ = {isa = PBXBuildFile; fileRef = CE3481493B314A809ACEE077 /* libAirMaps.a */; };
		D3B60EC0F5514E38B19BF56D /* libSplashScreen.a in Frameworks */ = {isa = PBXBuildFile; fileRef = 392A44A355934A09BECC205A /* libSplashScreen.a */; };
		BE3134051F6D4FB984F9B942 /* libRCTVideo.a in Frameworks */ = {isa = PBXBuildFile; fileRef = 44E78FEF59E54924885391C2 /* libRCTVideo.a */; };
		4C68F8DF58DC487E9593D1DB /* libRNDeviceInfo.a in Frameworks */ = {isa = PBXBuildFile; fileRef = EB7C181DCEE947BC8BAD30C9 /* libRNDeviceInfo.a */; };
		977F65228EAE4DFC98E886A7 /* libRCTCamera.a in Frameworks */ = {isa = PBXBuildFile; fileRef = 728970EC445A4FCBA5965511 /* libRCTCamera.a */; };
		EB8888A6144B4A46B798758B /* libRNFlurryAnalytics.a in Frameworks */ = {isa = PBXBuildFile; fileRef = BBC9243943AE401A9D93B63D /* libRNFlurryAnalytics.a */; };
		D64F0C63205D43CAA316AD69 /* Permissions.m in Sources */ = {isa = PBXBuildFile; fileRef = 4B7A26A68B3943949F5DCFFD /* Permissions.m */; };
		1F71A7D9DEBA45A0BF3311CD /* libRNShopify.a in Frameworks */ = {isa = PBXBuildFile; fileRef = 4BDC1C815F474D488CDC8906 /* libRNShopify.a */; };
		49B8BE38888741A0A1A2B673 /* NotoSans-Bold.ttf in Resources */ = {isa = PBXBuildFile; fileRef = C8B48FB7CBFA480CB98352F6 /* NotoSans-Bold.ttf */; };
		99EF5FA832FB4790A4977B65 /* NotoSans-BoldItalic.ttf in Resources */ = {isa = PBXBuildFile; fileRef = 46340B5CE60B410D8D45FDB8 /* NotoSans-BoldItalic.ttf */; };
		790BEF53803448B1B5A6029C /* NotoSans-Italic.ttf in Resources */ = {isa = PBXBuildFile; fileRef = 0F3BFB404C484C29ACEF8711 /* NotoSans-Italic.ttf */; };
		92E4DB04208141C79A6D7A27 /* NotoSans-Regular.ttf in Resources */ = {isa = PBXBuildFile; fileRef = 45337005DD2745CC8195F259 /* NotoSans-Regular.ttf */; };
		B57D351EDBFB4173A5D3FD2D /* NotoSerif-Bold.ttf in Resources */ = {isa = PBXBuildFile; fileRef = 04994A8A6F2645F28C713EB1 /* NotoSerif-Bold.ttf */; };
		0F9FCB4573CA447B915287C0 /* NotoSerif-BoldItalic.ttf in Resources */ = {isa = PBXBuildFile; fileRef = F2DE3FD09AFA469B86FFA900 /* NotoSerif-BoldItalic.ttf */; };
		87E01CB6A43B4BF4B2DB54FF /* NotoSerif-Italic.ttf in Resources */ = {isa = PBXBuildFile; fileRef = 7B14C819A19E4C38A4F629C7 /* NotoSerif-Italic.ttf */; };
		9856F9A0963847279A080B2D /* NotoSerif-Regular.ttf in Resources */ = {isa = PBXBuildFile; fileRef = 35DA45BB83D6431086672796 /* NotoSerif-Regular.ttf */; };
/* End PBXBuildFile section */

/* Begin PBXContainerItemProxy section */
		00C302AB1ABCB8CE00DB3ED1 /* PBXContainerItemProxy */ = {
			isa = PBXContainerItemProxy;
			containerPortal = 00C302A71ABCB8CE00DB3ED1 /* RCTActionSheet.xcodeproj */;
			proxyType = 2;
			remoteGlobalIDString = 134814201AA4EA6300B7C361;
			remoteInfo = RCTActionSheet;
		};
		00C302B91ABCB90400DB3ED1 /* PBXContainerItemProxy */ = {
			isa = PBXContainerItemProxy;
			containerPortal = 00C302B51ABCB90400DB3ED1 /* RCTGeolocation.xcodeproj */;
			proxyType = 2;
			remoteGlobalIDString = 134814201AA4EA6300B7C361;
			remoteInfo = RCTGeolocation;
		};
		00C302BF1ABCB91800DB3ED1 /* PBXContainerItemProxy */ = {
			isa = PBXContainerItemProxy;
			containerPortal = 00C302BB1ABCB91800DB3ED1 /* RCTImage.xcodeproj */;
			proxyType = 2;
			remoteGlobalIDString = 58B5115D1A9E6B3D00147676;
			remoteInfo = RCTImage;
		};
		00C302DB1ABCB9D200DB3ED1 /* PBXContainerItemProxy */ = {
			isa = PBXContainerItemProxy;
			containerPortal = 00C302D31ABCB9D200DB3ED1 /* RCTNetwork.xcodeproj */;
			proxyType = 2;
			remoteGlobalIDString = 58B511DB1A9E6C8500147676;
			remoteInfo = RCTNetwork;
		};
		00C302E31ABCB9EE00DB3ED1 /* PBXContainerItemProxy */ = {
			isa = PBXContainerItemProxy;
			containerPortal = 00C302DF1ABCB9EE00DB3ED1 /* RCTVibration.xcodeproj */;
			proxyType = 2;
			remoteGlobalIDString = 832C81801AAF6DEF007FA2F7;
			remoteInfo = RCTVibration;
		};
		00E356F41AD99517003FC87E /* PBXContainerItemProxy */ = {
			isa = PBXContainerItemProxy;
			containerPortal = 83CBB9F71A601CBA00E9B192 /* Project object */;
			proxyType = 1;
			remoteGlobalIDString = 13B07F861A680F5B00A75B9A;
			remoteInfo = ShoutemApp;
		};
		139105C01AF99BAD00B5F7CC /* PBXContainerItemProxy */ = {
			isa = PBXContainerItemProxy;
			containerPortal = 139105B61AF99BAD00B5F7CC /* RCTSettings.xcodeproj */;
			proxyType = 2;
			remoteGlobalIDString = 134814201AA4EA6300B7C361;
			remoteInfo = RCTSettings;
		};
		139FDEF31B06529B00C62182 /* PBXContainerItemProxy */ = {
			isa = PBXContainerItemProxy;
			containerPortal = 139FDEE61B06529A00C62182 /* RCTWebSocket.xcodeproj */;
			proxyType = 2;
			remoteGlobalIDString = 3C86DF461ADF2C930047B81A;
			remoteInfo = RCTWebSocket;
		};
		146834031AC3E56700842450 /* PBXContainerItemProxy */ = {
			isa = PBXContainerItemProxy;
			containerPortal = 146833FF1AC3E56700842450 /* React.xcodeproj */;
			proxyType = 2;
			remoteGlobalIDString = 83CBBA2E1A601D0E00E9B192;
			remoteInfo = React;
		};
		279BE6781D9D0A190038502E /* PBXContainerItemProxy */ = {
			isa = PBXContainerItemProxy;
			containerPortal = 279BE6741D9D0A190038502E /* RCTLinking.xcodeproj */;
			proxyType = 2;
			remoteGlobalIDString = 134814201AA4EA6300B7C361;
			remoteInfo = RCTLinking;
		};
		832341B41AAA6A8300B99B32 /* PBXContainerItemProxy */ = {
			isa = PBXContainerItemProxy;
			containerPortal = 832341B01AAA6A8300B99B32 /* RCTText.xcodeproj */;
			proxyType = 2;
			remoteGlobalIDString = 58B5119B1A9E6C1200147676;
			remoteInfo = RCTText;
		};
		8DD9E58C1DF8577F00D85AF6 /* PBXContainerItemProxy */ = {
			isa = PBXContainerItemProxy;
			containerPortal = 00C302BB1ABCB91800DB3ED1 /* RCTImage.xcodeproj */;
			proxyType = 2;
			remoteGlobalIDString = 2D2A283A1D9B042B00D4039D;
			remoteInfo = "RCTImage-tvOS";
		};
		8DD9E5901DF8577F00D85AF6 /* PBXContainerItemProxy */ = {
			isa = PBXContainerItemProxy;
			containerPortal = 279BE6741D9D0A190038502E /* RCTLinking.xcodeproj */;
			proxyType = 2;
			remoteGlobalIDString = 2D2A28471D9B043800D4039D;
			remoteInfo = "RCTLinking-tvOS";
		};
		8DD9E5941DF8577F00D85AF6 /* PBXContainerItemProxy */ = {
			isa = PBXContainerItemProxy;
			containerPortal = 00C302D31ABCB9D200DB3ED1 /* RCTNetwork.xcodeproj */;
			proxyType = 2;
			remoteGlobalIDString = 2D2A28541D9B044C00D4039D;
			remoteInfo = "RCTNetwork-tvOS";
		};
		8DD9E5991DF8577F00D85AF6 /* PBXContainerItemProxy */ = {
			isa = PBXContainerItemProxy;
			containerPortal = 139105B61AF99BAD00B5F7CC /* RCTSettings.xcodeproj */;
			proxyType = 2;
			remoteGlobalIDString = 2D2A28611D9B046600D4039D;
			remoteInfo = "RCTSettings-tvOS";
		};
		8DD9E59D1DF8577F00D85AF6 /* PBXContainerItemProxy */ = {
			isa = PBXContainerItemProxy;
			containerPortal = 832341B01AAA6A8300B99B32 /* RCTText.xcodeproj */;
			proxyType = 2;
			remoteGlobalIDString = 2D2A287B1D9B048500D4039D;
			remoteInfo = "RCTText-tvOS";
		};
		8DD9E5A31DF8577F00D85AF6 /* PBXContainerItemProxy */ = {
			isa = PBXContainerItemProxy;
			containerPortal = 139FDEE61B06529A00C62182 /* RCTWebSocket.xcodeproj */;
			proxyType = 2;
			remoteGlobalIDString = 2D2A28881D9B049200D4039D;
			remoteInfo = "RCTWebSocket-tvOS";
		};
		8DD9E5A71DF8577F00D85AF6 /* PBXContainerItemProxy */ = {
			isa = PBXContainerItemProxy;
			containerPortal = 146833FF1AC3E56700842450 /* React.xcodeproj */;
			proxyType = 2;
			remoteGlobalIDString = 2D2A28131D9B038B00D4039D;
			remoteInfo = "React-tvOS";
		};
		8DD9E66B1DF8604E00D85AF6 /* PBXContainerItemProxy */ = {
			isa = PBXContainerItemProxy;
			containerPortal = 8DD9E6661DF8604E00D85AF6 /* RCTAnimation.xcodeproj */;
			proxyType = 2;
			remoteGlobalIDString = 134814201AA4EA6300B7C361;
			remoteInfo = RCTAnimation;
		};
		8DD9E66D1DF8604E00D85AF6 /* PBXContainerItemProxy */ = {
			isa = PBXContainerItemProxy;
			containerPortal = 8DD9E6661DF8604E00D85AF6 /* RCTAnimation.xcodeproj */;
			proxyType = 2;
			remoteGlobalIDString = 2D2A28201D9B03D100D4039D;
			remoteInfo = "RCTAnimation-tvOS";
		};
/* End PBXContainerItemProxy section */

/* Begin PBXFileReference section */
		008F07F21AC5B25A0029DE68 /* main.jsbundle */ = {isa = PBXFileReference; fileEncoding = 4; lastKnownFileType = text; path = main.jsbundle; sourceTree = "<group>"; };
		00C302A71ABCB8CE00DB3ED1 /* RCTActionSheet.xcodeproj */ = {isa = PBXFileReference; lastKnownFileType = "wrapper.pb-project"; name = RCTActionSheet.xcodeproj; path = "../node_modules/react-native/Libraries/ActionSheetIOS/RCTActionSheet.xcodeproj"; sourceTree = "<group>"; };
		00C302B51ABCB90400DB3ED1 /* RCTGeolocation.xcodeproj */ = {isa = PBXFileReference; lastKnownFileType = "wrapper.pb-project"; name = RCTGeolocation.xcodeproj; path = "../node_modules/react-native/Libraries/Geolocation/RCTGeolocation.xcodeproj"; sourceTree = "<group>"; };
		00C302BB1ABCB91800DB3ED1 /* RCTImage.xcodeproj */ = {isa = PBXFileReference; lastKnownFileType = "wrapper.pb-project"; name = RCTImage.xcodeproj; path = "../node_modules/react-native/Libraries/Image/RCTImage.xcodeproj"; sourceTree = "<group>"; };
		00C302D31ABCB9D200DB3ED1 /* RCTNetwork.xcodeproj */ = {isa = PBXFileReference; lastKnownFileType = "wrapper.pb-project"; name = RCTNetwork.xcodeproj; path = "../node_modules/react-native/Libraries/Network/RCTNetwork.xcodeproj"; sourceTree = "<group>"; };
		00C302DF1ABCB9EE00DB3ED1 /* RCTVibration.xcodeproj */ = {isa = PBXFileReference; lastKnownFileType = "wrapper.pb-project"; name = RCTVibration.xcodeproj; path = "../node_modules/react-native/Libraries/Vibration/RCTVibration.xcodeproj"; sourceTree = "<group>"; };
		00E356EE1AD99517003FC87E /* ShoutemAppTests.xctest */ = {isa = PBXFileReference; explicitFileType = wrapper.cfbundle; includeInIndex = 0; path = ShoutemAppTests.xctest; sourceTree = BUILT_PRODUCTS_DIR; };
		00E356F11AD99517003FC87E /* Info.plist */ = {isa = PBXFileReference; lastKnownFileType = text.plist.xml; path = Info.plist; sourceTree = "<group>"; };
		00E356F21AD99517003FC87E /* ShoutemAppTests.m */ = {isa = PBXFileReference; lastKnownFileType = sourcecode.c.objc; path = ShoutemAppTests.m; sourceTree = "<group>"; };
		0419683CEA504DD8BA684999 /* Rubik-MediumItalic.ttf */ = {isa = PBXFileReference; explicitFileType = undefined; fileEncoding = 9; includeInIndex = 0; lastKnownFileType = unknown; name = "Rubik-MediumItalic.ttf"; path = "../node_modules/@shoutem/ui/fonts/Rubik-MediumItalic.ttf"; sourceTree = "<group>"; };
		0449A2C73D3946AE869E979D /* Rubik-BoldItalic.ttf */ = {isa = PBXFileReference; explicitFileType = undefined; fileEncoding = 9; includeInIndex = 0; lastKnownFileType = unknown; name = "Rubik-BoldItalic.ttf"; path = "../node_modules/@shoutem/ui/fonts/Rubik-BoldItalic.ttf"; sourceTree = "<group>"; };
		05A8A2B81EF464A30FA5E609 /* Pods_ShoutemApp.framework */ = {isa = PBXFileReference; explicitFileType = wrapper.framework; includeInIndex = 0; path = Pods_ShoutemApp.framework; sourceTree = BUILT_PRODUCTS_DIR; };
		139105B61AF99BAD00B5F7CC /* RCTSettings.xcodeproj */ = {isa = PBXFileReference; lastKnownFileType = "wrapper.pb-project"; name = RCTSettings.xcodeproj; path = "../node_modules/react-native/Libraries/Settings/RCTSettings.xcodeproj"; sourceTree = "<group>"; };
		139FDEE61B06529A00C62182 /* RCTWebSocket.xcodeproj */ = {isa = PBXFileReference; lastKnownFileType = "wrapper.pb-project"; name = RCTWebSocket.xcodeproj; path = "../node_modules/react-native/Libraries/WebSocket/RCTWebSocket.xcodeproj"; sourceTree = "<group>"; };
		13B07F961A680F5B00A75B9A /* ShoutemApp.app */ = {isa = PBXFileReference; explicitFileType = wrapper.application; includeInIndex = 0; path = ShoutemApp.app; sourceTree = BUILT_PRODUCTS_DIR; };
		13B07FAF1A68108700A75B9A /* AppDelegate.h */ = {isa = PBXFileReference; fileEncoding = 4; lastKnownFileType = sourcecode.c.h; name = AppDelegate.h; path = ShoutemApp/AppDelegate.h; sourceTree = "<group>"; };
		13B07FB01A68108700A75B9A /* AppDelegate.m */ = {isa = PBXFileReference; fileEncoding = 4; lastKnownFileType = sourcecode.c.objc; name = AppDelegate.m; path = ShoutemApp/AppDelegate.m; sourceTree = "<group>"; };
		13B07FB51A68108700A75B9A /* Images.xcassets */ = {isa = PBXFileReference; lastKnownFileType = folder.assetcatalog; name = Images.xcassets; path = ShoutemApp/Images.xcassets; sourceTree = "<group>"; };
		13B07FB61A68108700A75B9A /* Info.plist */ = {isa = PBXFileReference; fileEncoding = 4; lastKnownFileType = text.plist.xml; name = Info.plist; path = ShoutemApp/Info.plist; sourceTree = "<group>"; };
		13B07FB71A68108700A75B9A /* main.m */ = {isa = PBXFileReference; fileEncoding = 4; lastKnownFileType = sourcecode.c.objc; name = main.m; path = ShoutemApp/main.m; sourceTree = "<group>"; };
		146833FF1AC3E56700842450 /* React.xcodeproj */ = {isa = PBXFileReference; lastKnownFileType = "wrapper.pb-project"; name = React.xcodeproj; path = "../node_modules/react-native/React/React.xcodeproj"; sourceTree = "<group>"; };
		14BC0CBB1DBA09AE000FFB6B /* CoreData.framework */ = {isa = PBXFileReference; lastKnownFileType = wrapper.framework; name = CoreData.framework; path = System/Library/Frameworks/CoreData.framework; sourceTree = SDKROOT; };
		14BC0CBD1DBA09B9000FFB6B /* SystemConfiguration.framework */ = {isa = PBXFileReference; lastKnownFileType = wrapper.framework; name = SystemConfiguration.framework; path = System/Library/Frameworks/SystemConfiguration.framework; sourceTree = SDKROOT; };
		14BC0CBF1DBA09C6000FFB6B /* libsqlite3.0.tbd */ = {isa = PBXFileReference; lastKnownFileType = "sourcecode.text-based-dylib-definition"; name = libsqlite3.0.tbd; path = usr/lib/libsqlite3.0.tbd; sourceTree = SDKROOT; };
		1CA555BF07B34B10AEBC86B0 /* Zocial.ttf */ = {isa = PBXFileReference; explicitFileType = undefined; fileEncoding = 9; includeInIndex = 0; lastKnownFileType = unknown; name = Zocial.ttf; path = "../node_modules/react-native-vector-icons/Fonts/Zocial.ttf"; sourceTree = "<group>"; };
		1F6C9D902A9741FD8E0F16D0 /* Rubik-Light.ttf */ = {isa = PBXFileReference; explicitFileType = undefined; fileEncoding = 9; includeInIndex = 0; lastKnownFileType = unknown; name = "Rubik-Light.ttf"; path = "../node_modules/@shoutem/ui/fonts/Rubik-Light.ttf"; sourceTree = "<group>"; };
		21511D369623E94092CF2E24 /* Pods-ShoutemApp.debug.xcconfig */ = {isa = PBXFileReference; includeInIndex = 1; lastKnownFileType = text.xcconfig; name = "Pods-ShoutemApp.debug.xcconfig"; path = "Pods/Target Support Files/Pods-ShoutemApp/Pods-ShoutemApp.debug.xcconfig"; sourceTree = "<group>"; };
		2787A9A91DFB06A400CED4F3 /* LaunchScreen.xib */ = {isa = PBXFileReference; fileEncoding = 4; lastKnownFileType = file.xib; path = LaunchScreen.xib; sourceTree = "<group>"; };
		279BE6741D9D0A190038502E /* RCTLinking.xcodeproj */ = {isa = PBXFileReference; lastKnownFileType = "wrapper.pb-project"; name = RCTLinking.xcodeproj; path = "../node_modules/react-native/Libraries/LinkingIOS/RCTLinking.xcodeproj"; sourceTree = "<group>"; };
		28D8B4CDF73A43A29C57263B /* Foundation.ttf */ = {isa = PBXFileReference; explicitFileType = undefined; fileEncoding = 9; includeInIndex = 0; lastKnownFileType = unknown; name = Foundation.ttf; path = "../node_modules/react-native-vector-icons/Fonts/Foundation.ttf"; sourceTree = "<group>"; };
		2BFD8204FA6A400C87751025 /* Octicons.ttf */ = {isa = PBXFileReference; explicitFileType = undefined; fileEncoding = 9; includeInIndex = 0; lastKnownFileType = unknown; name = Octicons.ttf; path = "../node_modules/react-native-vector-icons/Fonts/Octicons.ttf"; sourceTree = "<group>"; };
		2DDC59E0D8C32077F6ADA52C /* Pods-ShoutemAppTests.debug.xcconfig */ = {isa = PBXFileReference; includeInIndex = 1; lastKnownFileType = text.xcconfig; name = "Pods-ShoutemAppTests.debug.xcconfig"; path = "Pods/Target Support Files/Pods-ShoutemAppTests/Pods-ShoutemAppTests.debug.xcconfig"; sourceTree = "<group>"; };
		39D05F48D8E5C8A959C4943F /* Pods-ShoutemApp.release.xcconfig */ = {isa = PBXFileReference; includeInIndex = 1; lastKnownFileType = text.xcconfig; name = "Pods-ShoutemApp.release.xcconfig"; path = "Pods/Target Support Files/Pods-ShoutemApp/Pods-ShoutemApp.release.xcconfig"; sourceTree = "<group>"; };
		40D0AF613C1A4641A0FC53FD /* Ionicons.ttf */ = {isa = PBXFileReference; explicitFileType = undefined; fileEncoding = 9; includeInIndex = 0; lastKnownFileType = unknown; name = Ionicons.ttf; path = "../node_modules/react-native-vector-icons/Fonts/Ionicons.ttf"; sourceTree = "<group>"; };
		42D23E13D1C24BFB96C8CE3B /* Rubik-Regular.ttf */ = {isa = PBXFileReference; explicitFileType = undefined; fileEncoding = 9; includeInIndex = 0; lastKnownFileType = unknown; name = "Rubik-Regular.ttf"; path = "../node_modules/@shoutem/ui/fonts/Rubik-Regular.ttf"; sourceTree = "<group>"; };
		465FAB230718430789478FBB /* FontAwesome.ttf */ = {isa = PBXFileReference; explicitFileType = undefined; fileEncoding = 9; includeInIndex = 0; lastKnownFileType = unknown; name = FontAwesome.ttf; path = "../node_modules/react-native-vector-icons/Fonts/FontAwesome.ttf"; sourceTree = "<group>"; };
		49057C3259AC4BF595C560C0 /* Rubik-Italic.ttf */ = {isa = PBXFileReference; explicitFileType = undefined; fileEncoding = 9; includeInIndex = 0; lastKnownFileType = unknown; name = "Rubik-Italic.ttf"; path = "../node_modules/@shoutem/ui/fonts/Rubik-Italic.ttf"; sourceTree = "<group>"; };
		7412AE3E73704AF899BB23F1 /* MaterialIcons.ttf */ = {isa = PBXFileReference; explicitFileType = undefined; fileEncoding = 9; includeInIndex = 0; lastKnownFileType = unknown; name = MaterialIcons.ttf; path = "../node_modules/react-native-vector-icons/Fonts/MaterialIcons.ttf"; sourceTree = "<group>"; };
		7EFC29E2138D48C0B5742BA8 /* Entypo.ttf */ = {isa = PBXFileReference; explicitFileType = undefined; fileEncoding = 9; includeInIndex = 0; lastKnownFileType = unknown; name = Entypo.ttf; path = "../node_modules/react-native-vector-icons/Fonts/Entypo.ttf"; sourceTree = "<group>"; };
		832341B01AAA6A8300B99B32 /* RCTText.xcodeproj */ = {isa = PBXFileReference; lastKnownFileType = "wrapper.pb-project"; name = RCTText.xcodeproj; path = "../node_modules/react-native/Libraries/Text/RCTText.xcodeproj"; sourceTree = "<group>"; };
		8DD9E6661DF8604E00D85AF6 /* RCTAnimation.xcodeproj */ = {isa = PBXFileReference; lastKnownFileType = "wrapper.pb-project"; name = RCTAnimation.xcodeproj; path = "../node_modules/react-native/Libraries/NativeAnimation/RCTAnimation.xcodeproj"; sourceTree = "<group>"; };
		93012D351E6EE2330035C253 /* FBSDKShareKit.framework */ = {isa = PBXFileReference; lastKnownFileType = wrapper.framework; name = FBSDKShareKit.framework; path = Frameworks/FBSDKShareKit.framework; sourceTree = "<group>"; };
		93012D361E6EE2330035C253 /* FBSDKLoginKit.framework */ = {isa = PBXFileReference; lastKnownFileType = wrapper.framework; name = FBSDKLoginKit.framework; path = Frameworks/FBSDKLoginKit.framework; sourceTree = "<group>"; };
		93012D371E6EE2330035C253 /* FBSDKCoreKit.framework */ = {isa = PBXFileReference; lastKnownFileType = wrapper.framework; name = FBSDKCoreKit.framework; path = Frameworks/FBSDKCoreKit.framework; sourceTree = "<group>"; };
		93012D381E6EE2330035C253 /* Bolts.framework */ = {isa = PBXFileReference; lastKnownFileType = wrapper.framework; name = Bolts.framework; path = Frameworks/Bolts.framework; sourceTree = "<group>"; };
		940F73BC97204D1D93212595 /* Rubik-Bold.ttf */ = {isa = PBXFileReference; explicitFileType = undefined; fileEncoding = 9; includeInIndex = 0; lastKnownFileType = unknown; name = "Rubik-Bold.ttf"; path = "../node_modules/@shoutem/ui/fonts/Rubik-Bold.ttf"; sourceTree = "<group>"; };
		99111C603EE0D8CA58595699 /* Pods_ShoutemAppTests.framework */ = {isa = PBXFileReference; explicitFileType = wrapper.framework; includeInIndex = 0; path = Pods_ShoutemAppTests.framework; sourceTree = BUILT_PRODUCTS_DIR; };
		A2E4D4E194DC4F61B2E45B32 /* OFL.txt */ = {isa = PBXFileReference; explicitFileType = undefined; fileEncoding = 9; includeInIndex = 0; lastKnownFileType = unknown; name = OFL.txt; path = "../node_modules/@shoutem/ui/fonts/OFL.txt"; sourceTree = "<group>"; };
		A4DFE9241DED8B460030CE0B /* ShoutemApp.entitlements */ = {isa = PBXFileReference; lastKnownFileType = text.plist.entitlements; name = ShoutemApp.entitlements; path = ShoutemApp/ShoutemApp.entitlements; sourceTree = "<group>"; };
		B2E7B67E7F514192B227342F /* Rubik-Black.ttf */ = {isa = PBXFileReference; explicitFileType = undefined; fileEncoding = 9; includeInIndex = 0; lastKnownFileType = unknown; name = "Rubik-Black.ttf"; path = "../node_modules/@shoutem/ui/fonts/Rubik-Black.ttf"; sourceTree = "<group>"; };
		CC8D10AC14D847C3B13C7643 /* Rubik-Medium.ttf */ = {isa = PBXFileReference; explicitFileType = undefined; fileEncoding = 9; includeInIndex = 0; lastKnownFileType = unknown; name = "Rubik-Medium.ttf"; path = "../node_modules/@shoutem/ui/fonts/Rubik-Medium.ttf"; sourceTree = "<group>"; };
		DB55DCC1A4564399A404FE53 /* Rubik-LightItalic.ttf */ = {isa = PBXFileReference; explicitFileType = undefined; fileEncoding = 9; includeInIndex = 0; lastKnownFileType = unknown; name = "Rubik-LightItalic.ttf"; path = "../node_modules/@shoutem/ui/fonts/Rubik-LightItalic.ttf"; sourceTree = "<group>"; };
		EF5662F18A9E493DAC7131CB /* EvilIcons.ttf */ = {isa = PBXFileReference; explicitFileType = undefined; fileEncoding = 9; includeInIndex = 0; lastKnownFileType = unknown; name = EvilIcons.ttf; path = "../node_modules/react-native-vector-icons/Fonts/EvilIcons.ttf"; sourceTree = "<group>"; };
		F2B97DDCD12FAFAC2137DF67 /* Pods-ShoutemAppTests.release.xcconfig */ = {isa = PBXFileReference; includeInIndex = 1; lastKnownFileType = text.xcconfig; name = "Pods-ShoutemAppTests.release.xcconfig"; path = "Pods/Target Support Files/Pods-ShoutemAppTests/Pods-ShoutemAppTests.release.xcconfig"; sourceTree = "<group>"; };
		F318717567ED439CAA7CDD63 /* rubicon-icon-font.ttf */ = {isa = PBXFileReference; explicitFileType = undefined; fileEncoding = 9; includeInIndex = 0; lastKnownFileType = unknown; name = "rubicon-icon-font.ttf"; path = "../node_modules/@shoutem/ui/fonts/rubicon-icon-font.ttf"; sourceTree = "<group>"; };
		F441C48F1CB04CAD84D5D2EE /* Rubik-BlackItalic.ttf */ = {isa = PBXFileReference; explicitFileType = undefined; fileEncoding = 9; includeInIndex = 0; lastKnownFileType = unknown; name = "Rubik-BlackItalic.ttf"; path = "../node_modules/@shoutem/ui/fonts/Rubik-BlackItalic.ttf"; sourceTree = "<group>"; };
		4B5B5A630E4A44D28EAAACC6 /* RNVectorIcons.xcodeproj */ = {isa = PBXFileReference; name = "RNVectorIcons.xcodeproj"; path = "../node_modules/react-native-vector-icons/RNVectorIcons.xcodeproj"; sourceTree = "<group>"; fileEncoding = undefined; lastKnownFileType = wrapper.pb-project; explicitFileType = undefined; includeInIndex = 0; };
		45A72E446F1F421CAEE201FB /* libRNVectorIcons.a */ = {isa = PBXFileReference; name = "libRNVectorIcons.a"; path = "libRNVectorIcons.a"; sourceTree = "<group>"; fileEncoding = undefined; lastKnownFileType = archive.ar; explicitFileType = undefined; includeInIndex = 0; };
		ED29697231144237AC93CF7F /* MaterialCommunityIcons.ttf */ = {isa = PBXFileReference; name = "MaterialCommunityIcons.ttf"; path = "../node_modules/react-native-vector-icons/Fonts/MaterialCommunityIcons.ttf"; sourceTree = "<group>"; fileEncoding = undefined; lastKnownFileType = unknown; explicitFileType = undefined; includeInIndex = 0; };
		A46A8BE62EA74940BB8420AD /* SimpleLineIcons.ttf */ = {isa = PBXFileReference; name = "SimpleLineIcons.ttf"; path = "../node_modules/react-native-vector-icons/Fonts/SimpleLineIcons.ttf"; sourceTree = "<group>"; fileEncoding = undefined; lastKnownFileType = unknown; explicitFileType = undefined; includeInIndex = 0; };
		0AEE07D6C085457F85494D0D /* BVLinearGradient.xcodeproj */ = {isa = PBXFileReference; name = "BVLinearGradient.xcodeproj"; path = "../node_modules/react-native-linear-gradient/BVLinearGradient.xcodeproj"; sourceTree = "<group>"; fileEncoding = undefined; lastKnownFileType = wrapper.pb-project; explicitFileType = undefined; includeInIndex = 0; };
		0795AE8A5DA1427DADFF3D81 /* libBVLinearGradient.a */ = {isa = PBXFileReference; name = "libBVLinearGradient.a"; path = "libBVLinearGradient.a"; sourceTree = "<group>"; fileEncoding = undefined; lastKnownFileType = archive.ar; explicitFileType = undefined; includeInIndex = 0; };
		14B6C84D50954EC6B7351789 /* RNShare.xcodeproj */ = {isa = PBXFileReference; name = "RNShare.xcodeproj"; path = "../node_modules/react-native-share/ios/RNShare.xcodeproj"; sourceTree = "<group>"; fileEncoding = undefined; lastKnownFileType = wrapper.pb-project; explicitFileType = undefined; includeInIndex = 0; };
		1A8D889B60C549E0826A372D /* libRNShare.a */ = {isa = PBXFileReference; name = "libRNShare.a"; path = "libRNShare.a"; sourceTree = "<group>"; fileEncoding = undefined; lastKnownFileType = archive.ar; explicitFileType = undefined; includeInIndex = 0; };
		F8B1F6FECC3F40AB977F653C /* RNImagePicker.xcodeproj */ = {isa = PBXFileReference; name = "RNImagePicker.xcodeproj"; path = "../node_modules/react-native-image-picker/ios/RNImagePicker.xcodeproj"; sourceTree = "<group>"; fileEncoding = undefined; lastKnownFileType = wrapper.pb-project; explicitFileType = undefined; includeInIndex = 0; };
		366BE727073E415C8DCCFF86 /* libRNImagePicker.a */ = {isa = PBXFileReference; name = "libRNImagePicker.a"; path = "libRNImagePicker.a"; sourceTree = "<group>"; fileEncoding = undefined; lastKnownFileType = archive.ar; explicitFileType = undefined; includeInIndex = 0; };
		BA820BAE05F54AFE802786D9 /* CalendarManager.xcodeproj */ = {isa = PBXFileReference; name = "CalendarManager.xcodeproj"; path = "../node_modules/react-native-calendar-manager/CalendarManager.xcodeproj"; sourceTree = "<group>"; fileEncoding = undefined; lastKnownFileType = wrapper.pb-project; explicitFileType = undefined; includeInIndex = 0; };
		F4DA60C97935445A92497D50 /* libCalendarManager.a */ = {isa = PBXFileReference; name = "libCalendarManager.a"; path = "libCalendarManager.a"; sourceTree = "<group>"; fileEncoding = undefined; lastKnownFileType = archive.ar; explicitFileType = undefined; includeInIndex = 0; };
		A2BAE44017474EC6B68B3EE0 /* CodePush.xcodeproj */ = {isa = PBXFileReference; name = "CodePush.xcodeproj"; path = "../node_modules/react-native-code-push/ios/CodePush.xcodeproj"; sourceTree = "<group>"; fileEncoding = undefined; lastKnownFileType = wrapper.pb-project; explicitFileType = undefined; includeInIndex = 0; };
		5D59B619B5AE4AF88DEBB574 /* libCodePush.a */ = {isa = PBXFileReference; name = "libCodePush.a"; path = "libCodePush.a"; sourceTree = "<group>"; fileEncoding = undefined; lastKnownFileType = archive.ar; explicitFileType = undefined; includeInIndex = 0; };
		09510B164BC34CFCB2A9E16E /* libz.tbd */ = {isa = PBXFileReference; name = "libz.tbd"; path = "usr/lib/libz.tbd"; sourceTree = SDKROOT; fileEncoding = undefined; lastKnownFileType = sourcecode.text-based-dylib-definition; explicitFileType = undefined; includeInIndex = 0; };
		57459A62406D4ECC8F07608D /* RCTFBSDK.xcodeproj */ = {isa = PBXFileReference; name = "RCTFBSDK.xcodeproj"; path = "../node_modules/react-native-fbsdk/ios/RCTFBSDK.xcodeproj"; sourceTree = "<group>"; fileEncoding = undefined; lastKnownFileType = wrapper.pb-project; explicitFileType = undefined; includeInIndex = 0; };
		65121A56F9BE47DC81146D62 /* libRCTFBSDK.a */ = {isa = PBXFileReference; name = "libRCTFBSDK.a"; path = "libRCTFBSDK.a"; sourceTree = "<group>"; fileEncoding = undefined; lastKnownFileType = archive.ar; explicitFileType = undefined; includeInIndex = 0; };
		CAA98D0473874E13B9B7C49C /* RCTGoogleAnalyticsBridge.xcodeproj */ = {isa = PBXFileReference; name = "RCTGoogleAnalyticsBridge.xcodeproj"; path = "../node_modules/react-native-google-analytics-bridge/ios/RCTGoogleAnalyticsBridge/RCTGoogleAnalyticsBridge.xcodeproj"; sourceTree = "<group>"; fileEncoding = undefined; lastKnownFileType = wrapper.pb-project; explicitFileType = undefined; includeInIndex = 0; };
		55593D19EAAC4389866AB0A9 /* libRCTGoogleAnalyticsBridge.a */ = {isa = PBXFileReference; name = "libRCTGoogleAnalyticsBridge.a"; path = "libRCTGoogleAnalyticsBridge.a"; sourceTree = "<group>"; fileEncoding = undefined; lastKnownFileType = archive.ar; explicitFileType = undefined; includeInIndex = 0; };
		B74841CA948A4812BA5DB66D /* RCTRestart.xcodeproj */ = {isa = PBXFileReference; name = "RCTRestart.xcodeproj"; path = "../node_modules/react-native-restart/ios/RCTRestart.xcodeproj"; sourceTree = "<group>"; fileEncoding = undefined; lastKnownFileType = wrapper.pb-project; explicitFileType = undefined; includeInIndex = 0; };
		6C7A705A24DA4E709C98BB05 /* libRCTRestart.a */ = {isa = PBXFileReference; name = "libRCTRestart.a"; path = "libRCTRestart.a"; sourceTree = "<group>"; fileEncoding = undefined; lastKnownFileType = archive.ar; explicitFileType = undefined; includeInIndex = 0; };
		E8E603C7FB484019B76D450C /* AirMaps.xcodeproj */ = {isa = PBXFileReference; name = "AirMaps.xcodeproj"; path = "../node_modules/react-native-maps/ios/AirMaps.xcodeproj"; sourceTree = "<group>"; fileEncoding = undefined; lastKnownFileType = wrapper.pb-project; explicitFileType = undefined; includeInIndex = 0; };
		CE3481493B314A809ACEE077 /* libAirMaps.a */ = {isa = PBXFileReference; name = "libAirMaps.a"; path = "libAirMaps.a"; sourceTree = "<group>"; fileEncoding = undefined; lastKnownFileType = archive.ar; explicitFileType = undefined; includeInIndex = 0; };
		998B25AA1F3D493A955CEE6C /* SplashScreen.xcodeproj */ = {isa = PBXFileReference; name = "SplashScreen.xcodeproj"; path = "../node_modules/react-native-splash-screen/ios/SplashScreen.xcodeproj"; sourceTree = "<group>"; fileEncoding = undefined; lastKnownFileType = wrapper.pb-project; explicitFileType = undefined; includeInIndex = 0; };
		392A44A355934A09BECC205A /* libSplashScreen.a */ = {isa = PBXFileReference; name = "libSplashScreen.a"; path = "libSplashScreen.a"; sourceTree = "<group>"; fileEncoding = undefined; lastKnownFileType = archive.ar; explicitFileType = undefined; includeInIndex = 0; };
		8A7BD7A257E04CE191346660 /* RCTVideo.xcodeproj */ = {isa = PBXFileReference; name = "RCTVideo.xcodeproj"; path = "../node_modules/react-native-video/ios/RCTVideo.xcodeproj"; sourceTree = "<group>"; fileEncoding = undefined; lastKnownFileType = wrapper.pb-project; explicitFileType = undefined; includeInIndex = 0; };
		44E78FEF59E54924885391C2 /* libRCTVideo.a */ = {isa = PBXFileReference; name = "libRCTVideo.a"; path = "libRCTVideo.a"; sourceTree = "<group>"; fileEncoding = undefined; lastKnownFileType = archive.ar; explicitFileType = undefined; includeInIndex = 0; };
		5AD8FAEC8CFB4ED29FFB9350 /* RNDeviceInfo.xcodeproj */ = {isa = PBXFileReference; name = "RNDeviceInfo.xcodeproj"; path = "../node_modules/react-native-device-info/RNDeviceInfo.xcodeproj"; sourceTree = "<group>"; fileEncoding = undefined; lastKnownFileType = wrapper.pb-project; explicitFileType = undefined; includeInIndex = 0; };
		EB7C181DCEE947BC8BAD30C9 /* libRNDeviceInfo.a */ = {isa = PBXFileReference; name = "libRNDeviceInfo.a"; path = "libRNDeviceInfo.a"; sourceTree = "<group>"; fileEncoding = undefined; lastKnownFileType = archive.ar; explicitFileType = undefined; includeInIndex = 0; };
		0D1F38E079BA4154B16DA6EC /* RCTCamera.xcodeproj */ = {isa = PBXFileReference; name = "RCTCamera.xcodeproj"; path = "../node_modules/react-native-camera/ios/RCTCamera.xcodeproj"; sourceTree = "<group>"; fileEncoding = undefined; lastKnownFileType = wrapper.pb-project; explicitFileType = undefined; includeInIndex = 0; };
		728970EC445A4FCBA5965511 /* libRCTCamera.a */ = {isa = PBXFileReference; name = "libRCTCamera.a"; path = "libRCTCamera.a"; sourceTree = "<group>"; fileEncoding = undefined; lastKnownFileType = archive.ar; explicitFileType = undefined; includeInIndex = 0; };
		71423300A3FA49CEB9E2F622 /* RNFlurryAnalytics.xcodeproj */ = {isa = PBXFileReference; name = "RNFlurryAnalytics.xcodeproj"; path = "../node_modules/react-native-flurry-analytics/ios/RNFlurryAnalytics.xcodeproj"; sourceTree = "<group>"; fileEncoding = undefined; lastKnownFileType = wrapper.pb-project; explicitFileType = undefined; includeInIndex = 0; };
		BBC9243943AE401A9D93B63D /* libRNFlurryAnalytics.a */ = {isa = PBXFileReference; name = "libRNFlurryAnalytics.a"; path = "libRNFlurryAnalytics.a"; sourceTree = "<group>"; fileEncoding = undefined; lastKnownFileType = archive.ar; explicitFileType = undefined; includeInIndex = 0; };
		09EB66BFD6084CB199C42AD4 /* Permissions.h */ = {isa = PBXFileReference; name = "Permissions.h"; path = "../node_modules/shoutem.push-notifications/ios/Permissions.h"; sourceTree = "<group>"; fileEncoding = 4; lastKnownFileType = sourcecode.c.h; explicitFileType = undefined; includeInIndex = 0; };
		4B7A26A68B3943949F5DCFFD /* Permissions.m */ = {isa = PBXFileReference; name = "Permissions.m"; path = "../node_modules/shoutem.push-notifications/ios/Permissions.m"; sourceTree = "<group>"; fileEncoding = 4; lastKnownFileType = sourcecode.c.objc; explicitFileType = undefined; includeInIndex = 0; };
		0791BA08315143B19E2EF851 /* RNShopify.xcodeproj */ = {isa = PBXFileReference; name = "RNShopify.xcodeproj"; path = "../node_modules/react-native-shopify/ios/RNShopify.xcodeproj"; sourceTree = "<group>"; fileEncoding = undefined; lastKnownFileType = wrapper.pb-project; explicitFileType = undefined; includeInIndex = 0; };
		4BDC1C815F474D488CDC8906 /* libRNShopify.a */ = {isa = PBXFileReference; name = "libRNShopify.a"; path = "libRNShopify.a"; sourceTree = "<group>"; fileEncoding = undefined; lastKnownFileType = archive.ar; explicitFileType = undefined; includeInIndex = 0; };
		C8B48FB7CBFA480CB98352F6 /* NotoSans-Bold.ttf */ = {isa = PBXFileReference; name = "NotoSans-Bold.ttf"; path = "../node_modules/shoutem.rubicon-theme/fonts/NotoSans-Bold.ttf"; sourceTree = "<group>"; fileEncoding = undefined; lastKnownFileType = unknown; explicitFileType = undefined; includeInIndex = 0; };
		46340B5CE60B410D8D45FDB8 /* NotoSans-BoldItalic.ttf */ = {isa = PBXFileReference; name = "NotoSans-BoldItalic.ttf"; path = "../node_modules/shoutem.rubicon-theme/fonts/NotoSans-BoldItalic.ttf"; sourceTree = "<group>"; fileEncoding = undefined; lastKnownFileType = unknown; explicitFileType = undefined; includeInIndex = 0; };
		0F3BFB404C484C29ACEF8711 /* NotoSans-Italic.ttf */ = {isa = PBXFileReference; name = "NotoSans-Italic.ttf"; path = "../node_modules/shoutem.rubicon-theme/fonts/NotoSans-Italic.ttf"; sourceTree = "<group>"; fileEncoding = undefined; lastKnownFileType = unknown; explicitFileType = undefined; includeInIndex = 0; };
		45337005DD2745CC8195F259 /* NotoSans-Regular.ttf */ = {isa = PBXFileReference; name = "NotoSans-Regular.ttf"; path = "../node_modules/shoutem.rubicon-theme/fonts/NotoSans-Regular.ttf"; sourceTree = "<group>"; fileEncoding = undefined; lastKnownFileType = unknown; explicitFileType = undefined; includeInIndex = 0; };
		04994A8A6F2645F28C713EB1 /* NotoSerif-Bold.ttf */ = {isa = PBXFileReference; name = "NotoSerif-Bold.ttf"; path = "../node_modules/shoutem.rubicon-theme/fonts/NotoSerif-Bold.ttf"; sourceTree = "<group>"; fileEncoding = undefined; lastKnownFileType = unknown; explicitFileType = undefined; includeInIndex = 0; };
		F2DE3FD09AFA469B86FFA900 /* NotoSerif-BoldItalic.ttf */ = {isa = PBXFileReference; name = "NotoSerif-BoldItalic.ttf"; path = "../node_modules/shoutem.rubicon-theme/fonts/NotoSerif-BoldItalic.ttf"; sourceTree = "<group>"; fileEncoding = undefined; lastKnownFileType = unknown; explicitFileType = undefined; includeInIndex = 0; };
		7B14C819A19E4C38A4F629C7 /* NotoSerif-Italic.ttf */ = {isa = PBXFileReference; name = "NotoSerif-Italic.ttf"; path = "../node_modules/shoutem.rubicon-theme/fonts/NotoSerif-Italic.ttf"; sourceTree = "<group>"; fileEncoding = undefined; lastKnownFileType = unknown; explicitFileType = undefined; includeInIndex = 0; };
		35DA45BB83D6431086672796 /* NotoSerif-Regular.ttf */ = {isa = PBXFileReference; name = "NotoSerif-Regular.ttf"; path = "../node_modules/shoutem.rubicon-theme/fonts/NotoSerif-Regular.ttf"; sourceTree = "<group>"; fileEncoding = undefined; lastKnownFileType = unknown; explicitFileType = undefined; includeInIndex = 0; };
/* End PBXFileReference section */

/* Begin PBXFrameworksBuildPhase section */
		00E356EB1AD99517003FC87E /* Frameworks */ = {
			isa = PBXFrameworksBuildPhase;
			buildActionMask = 2147483647;
			files = (
				140ED2AC1D01E1AD002B40FF /* libReact.a in Frameworks */,
				5C3C11111644BCC25BE8FEDA /* Pods_ShoutemAppTests.framework in Frameworks */,
			);
			runOnlyForDeploymentPostprocessing = 0;
		};
		13B07F8C1A680F5B00A75B9A /* Frameworks */ = {
			isa = PBXFrameworksBuildPhase;
			buildActionMask = 2147483647;
			files = (
				14BC0CC01DBA09C6000FFB6B /* libsqlite3.0.tbd in Frameworks */,
				14BC0CBE1DBA09B9000FFB6B /* SystemConfiguration.framework in Frameworks */,
				14BC0CBC1DBA09AE000FFB6B /* CoreData.framework in Frameworks */,
				146834051AC3E58100842450 /* libReact.a in Frameworks */,
				00C302E51ABCBA2D00DB3ED1 /* libRCTActionSheet.a in Frameworks */,
				00C302E71ABCBA2D00DB3ED1 /* libRCTGeolocation.a in Frameworks */,
				00C302E81ABCBA2D00DB3ED1 /* libRCTImage.a in Frameworks */,
				00C302E91ABCBA2D00DB3ED1 /* libRCTNetwork.a in Frameworks */,
				139105C61AF99C1200B5F7CC /* libRCTSettings.a in Frameworks */,
				832341BD1AAA6AB300B99B32 /* libRCTText.a in Frameworks */,
				00C302EA1ABCBA2D00DB3ED1 /* libRCTVibration.a in Frameworks */,
				279BE67A1D9D0A5A0038502E /* libRCTLinking.a in Frameworks */,
				93012D391E6EE2330035C253 /* FBSDKShareKit.framework in Frameworks */,
				139FDEF61B0652A700C62182 /* libRCTWebSocket.a in Frameworks */,
				93012D3B1E6EE2330035C253 /* FBSDKCoreKit.framework in Frameworks */,
				93012D3A1E6EE2330035C253 /* FBSDKLoginKit.framework in Frameworks */,
				F19D61D860E1AFB199B94E41 /* Pods_ShoutemApp.framework in Frameworks */,
				8DD9E66F1DF861DE00D85AF6 /* libRCTAnimation.a in Frameworks */,
				93012D3C1E6EE2330035C253 /* Bolts.framework in Frameworks */,
				EE885F440E8346C2918E695C /* libRNVectorIcons.a in Frameworks */,
				9C1874778445448A8F8684A3 /* libBVLinearGradient.a in Frameworks */,
				4FE5E726158D421C9C9FCD71 /* libRNShare.a in Frameworks */,
				6868093981984131B6BF94A7 /* libRNImagePicker.a in Frameworks */,
				285D0954F6B14EFBA35F8913 /* libCalendarManager.a in Frameworks */,
				5EB83A3BAF4642C3A336B455 /* libCodePush.a in Frameworks */,
				A255A63F1F384FA59892A269 /* libz.tbd in Frameworks */,
				34A0D6DEE81741D4A0FCF021 /* libRCTFBSDK.a in Frameworks */,
				4261A38167B44414BC212B96 /* libRCTGoogleAnalyticsBridge.a in Frameworks */,
				329A6AE6AA4548A68ACD8B90 /* libRCTRestart.a in Frameworks */,
				3B9F162D6FC345EABB281F8C /* libAirMaps.a in Frameworks */,
				D3B60EC0F5514E38B19BF56D /* libSplashScreen.a in Frameworks */,
				BE3134051F6D4FB984F9B942 /* libRCTVideo.a in Frameworks */,
				4C68F8DF58DC487E9593D1DB /* libRNDeviceInfo.a in Frameworks */,
				977F65228EAE4DFC98E886A7 /* libRCTCamera.a in Frameworks */,
				EB8888A6144B4A46B798758B /* libRNFlurryAnalytics.a in Frameworks */,
				1F71A7D9DEBA45A0BF3311CD /* libRNShopify.a in Frameworks */,
			);
			runOnlyForDeploymentPostprocessing = 0;
		};
/* End PBXFrameworksBuildPhase section */

/* Begin PBXGroup section */
		00C302A81ABCB8CE00DB3ED1 /* Products */ = {
			isa = PBXGroup;
			children = (
				00C302AC1ABCB8CE00DB3ED1 /* libRCTActionSheet.a */,
			);
			name = Products;
			sourceTree = "<group>";
		};
		00C302B61ABCB90400DB3ED1 /* Products */ = {
			isa = PBXGroup;
			children = (
				00C302BA1ABCB90400DB3ED1 /* libRCTGeolocation.a */,
			);
			name = Products;
			sourceTree = "<group>";
		};
		00C302BC1ABCB91800DB3ED1 /* Products */ = {
			isa = PBXGroup;
			children = (
				00C302C01ABCB91800DB3ED1 /* libRCTImage.a */,
				8DD9E58D1DF8577F00D85AF6 /* libRCTImage-tvOS.a */,
			);
			name = Products;
			sourceTree = "<group>";
		};
		00C302D41ABCB9D200DB3ED1 /* Products */ = {
			isa = PBXGroup;
			children = (
				00C302DC1ABCB9D200DB3ED1 /* libRCTNetwork.a */,
				8DD9E5951DF8577F00D85AF6 /* libRCTNetwork-tvOS.a */,
			);
			name = Products;
			sourceTree = "<group>";
		};
		00C302E01ABCB9EE00DB3ED1 /* Products */ = {
			isa = PBXGroup;
			children = (
				00C302E41ABCB9EE00DB3ED1 /* libRCTVibration.a */,
			);
			name = Products;
			sourceTree = "<group>";
		};
		00E356EF1AD99517003FC87E /* ShoutemAppTests */ = {
			isa = PBXGroup;
			children = (
				00E356F21AD99517003FC87E /* ShoutemAppTests.m */,
				00E356F01AD99517003FC87E /* Supporting Files */,
			);
			path = ShoutemAppTests;
			sourceTree = "<group>";
		};
		00E356F01AD99517003FC87E /* Supporting Files */ = {
			isa = PBXGroup;
			children = (
				00E356F11AD99517003FC87E /* Info.plist */,
			);
			name = "Supporting Files";
			sourceTree = "<group>";
		};
		04FBD60D817B461DB00FCEDD /* Frameworks */ = {
			isa = PBXGroup;
			children = (
				93012D351E6EE2330035C253 /* FBSDKShareKit.framework */,
				93012D361E6EE2330035C253 /* FBSDKLoginKit.framework */,
				93012D371E6EE2330035C253 /* FBSDKCoreKit.framework */,
				93012D381E6EE2330035C253 /* Bolts.framework */,
				14BC0CBF1DBA09C6000FFB6B /* libsqlite3.0.tbd */,
				14BC0CBD1DBA09B9000FFB6B /* SystemConfiguration.framework */,
				14BC0CBB1DBA09AE000FFB6B /* CoreData.framework */,
				05A8A2B81EF464A30FA5E609 /* Pods_ShoutemApp.framework */,
				99111C603EE0D8CA58595699 /* Pods_ShoutemAppTests.framework */,
				09510B164BC34CFCB2A9E16E /* libz.tbd */,
			);
			name = Frameworks;
			sourceTree = "<group>";
		};
		1033B4EBB931C477E3598090 /* Pods */ = {
			isa = PBXGroup;
			children = (
				21511D369623E94092CF2E24 /* Pods-ShoutemApp.debug.xcconfig */,
				39D05F48D8E5C8A959C4943F /* Pods-ShoutemApp.release.xcconfig */,
				2DDC59E0D8C32077F6ADA52C /* Pods-ShoutemAppTests.debug.xcconfig */,
				F2B97DDCD12FAFAC2137DF67 /* Pods-ShoutemAppTests.release.xcconfig */,
			);
			name = Pods;
			sourceTree = "<group>";
		};
		139105B71AF99BAD00B5F7CC /* Products */ = {
			isa = PBXGroup;
			children = (
				139105C11AF99BAD00B5F7CC /* libRCTSettings.a */,
				8DD9E59A1DF8577F00D85AF6 /* libRCTSettings-tvOS.a */,
			);
			name = Products;
			sourceTree = "<group>";
		};
		139FDEE71B06529A00C62182 /* Products */ = {
			isa = PBXGroup;
			children = (
				139FDEF41B06529B00C62182 /* libRCTWebSocket.a */,
				8DD9E5A41DF8577F00D85AF6 /* libRCTWebSocket-tvOS.a */,
			);
			name = Products;
			sourceTree = "<group>";
		};
		13B07FAE1A68108700A75B9A /* ShoutemApp */ = {
			isa = PBXGroup;
			children = (
				2787A9A91DFB06A400CED4F3 /* LaunchScreen.xib */,
				A4DFE9241DED8B460030CE0B /* ShoutemApp.entitlements */,
				008F07F21AC5B25A0029DE68 /* main.jsbundle */,
				13B07FAF1A68108700A75B9A /* AppDelegate.h */,
				13B07FB01A68108700A75B9A /* AppDelegate.m */,
				13B07FB51A68108700A75B9A /* Images.xcassets */,
				13B07FB61A68108700A75B9A /* Info.plist */,
				13B07FB71A68108700A75B9A /* main.m */,
				09EB66BFD6084CB199C42AD4 /* Permissions.h */,
				4B7A26A68B3943949F5DCFFD /* Permissions.m */,
			);
			name = ShoutemApp;
			sourceTree = "<group>";
		};
		146834001AC3E56700842450 /* Products */ = {
			isa = PBXGroup;
			children = (
				146834041AC3E56700842450 /* libReact.a */,
				8DD9E5A81DF8577F00D85AF6 /* libReact-tvOS.a */,
			);
			name = Products;
			sourceTree = "<group>";
		};
		279BE6751D9D0A190038502E /* Products */ = {
			isa = PBXGroup;
			children = (
				279BE6791D9D0A190038502E /* libRCTLinking.a */,
				8DD9E5911DF8577F00D85AF6 /* libRCTLinking-tvOS.a */,
			);
			name = Products;
			sourceTree = "<group>";
		};
		832341AE1AAA6A7D00B99B32 /* Libraries */ = {
			isa = PBXGroup;
			children = (
				8DD9E6661DF8604E00D85AF6 /* RCTAnimation.xcodeproj */,
				279BE6741D9D0A190038502E /* RCTLinking.xcodeproj */,
				146833FF1AC3E56700842450 /* React.xcodeproj */,
				00C302A71ABCB8CE00DB3ED1 /* RCTActionSheet.xcodeproj */,
				00C302B51ABCB90400DB3ED1 /* RCTGeolocation.xcodeproj */,
				00C302BB1ABCB91800DB3ED1 /* RCTImage.xcodeproj */,
				00C302D31ABCB9D200DB3ED1 /* RCTNetwork.xcodeproj */,
				139105B61AF99BAD00B5F7CC /* RCTSettings.xcodeproj */,
				832341B01AAA6A8300B99B32 /* RCTText.xcodeproj */,
				00C302DF1ABCB9EE00DB3ED1 /* RCTVibration.xcodeproj */,
				139FDEE61B06529A00C62182 /* RCTWebSocket.xcodeproj */,
				4B5B5A630E4A44D28EAAACC6 /* RNVectorIcons.xcodeproj */,
				0AEE07D6C085457F85494D0D /* BVLinearGradient.xcodeproj */,
				14B6C84D50954EC6B7351789 /* RNShare.xcodeproj */,
				F8B1F6FECC3F40AB977F653C /* RNImagePicker.xcodeproj */,
				BA820BAE05F54AFE802786D9 /* CalendarManager.xcodeproj */,
				A2BAE44017474EC6B68B3EE0 /* CodePush.xcodeproj */,
				57459A62406D4ECC8F07608D /* RCTFBSDK.xcodeproj */,
				CAA98D0473874E13B9B7C49C /* RCTGoogleAnalyticsBridge.xcodeproj */,
				B74841CA948A4812BA5DB66D /* RCTRestart.xcodeproj */,
				E8E603C7FB484019B76D450C /* AirMaps.xcodeproj */,
				998B25AA1F3D493A955CEE6C /* SplashScreen.xcodeproj */,
				8A7BD7A257E04CE191346660 /* RCTVideo.xcodeproj */,
				5AD8FAEC8CFB4ED29FFB9350 /* RNDeviceInfo.xcodeproj */,
				0D1F38E079BA4154B16DA6EC /* RCTCamera.xcodeproj */,
				71423300A3FA49CEB9E2F622 /* RNFlurryAnalytics.xcodeproj */,
				0791BA08315143B19E2EF851 /* RNShopify.xcodeproj */,
			);
			name = Libraries;
			sourceTree = "<group>";
		};
		832341B11AAA6A8300B99B32 /* Products */ = {
			isa = PBXGroup;
			children = (
				832341B51AAA6A8300B99B32 /* libRCTText.a */,
				8DD9E59E1DF8577F00D85AF6 /* libRCTText-tvOS.a */,
			);
			name = Products;
			sourceTree = "<group>";
		};
		83CBB9F61A601CBA00E9B192 = {
			isa = PBXGroup;
			children = (
				13B07FAE1A68108700A75B9A /* ShoutemApp */,
				832341AE1AAA6A7D00B99B32 /* Libraries */,
				00E356EF1AD99517003FC87E /* ShoutemAppTests */,
				83CBBA001A601CBA00E9B192 /* Products */,
				04FBD60D817B461DB00FCEDD /* Frameworks */,
				D9CE83153816474A9C0F850B /* Resources */,
				1033B4EBB931C477E3598090 /* Pods */,
			);
			indentWidth = 2;
			sourceTree = "<group>";
			tabWidth = 2;
		};
		83CBBA001A601CBA00E9B192 /* Products */ = {
			isa = PBXGroup;
			children = (
				13B07F961A680F5B00A75B9A /* ShoutemApp.app */,
				00E356EE1AD99517003FC87E /* ShoutemAppTests.xctest */,
			);
			name = Products;
			sourceTree = "<group>";
		};
		8DD9E6671DF8604E00D85AF6 /* Products */ = {
			isa = PBXGroup;
			children = (
				8DD9E66C1DF8604E00D85AF6 /* libRCTAnimation.a */,
				8DD9E66E1DF8604E00D85AF6 /* libRCTAnimation-tvOS.a */,
			);
			name = Products;
			sourceTree = "<group>";
		};
		D9CE83153816474A9C0F850B /* Resources */ = {
			isa = PBXGroup;
			children = (
				B2E7B67E7F514192B227342F /* Rubik-Black.ttf */,
				F441C48F1CB04CAD84D5D2EE /* Rubik-BlackItalic.ttf */,
				940F73BC97204D1D93212595 /* Rubik-Bold.ttf */,
				0449A2C73D3946AE869E979D /* Rubik-BoldItalic.ttf */,
				49057C3259AC4BF595C560C0 /* Rubik-Italic.ttf */,
				1F6C9D902A9741FD8E0F16D0 /* Rubik-Light.ttf */,
				DB55DCC1A4564399A404FE53 /* Rubik-LightItalic.ttf */,
				CC8D10AC14D847C3B13C7643 /* Rubik-Medium.ttf */,
				0419683CEA504DD8BA684999 /* Rubik-MediumItalic.ttf */,
				42D23E13D1C24BFB96C8CE3B /* Rubik-Regular.ttf */,
				7EFC29E2138D48C0B5742BA8 /* Entypo.ttf */,
				EF5662F18A9E493DAC7131CB /* EvilIcons.ttf */,
				465FAB230718430789478FBB /* FontAwesome.ttf */,
				28D8B4CDF73A43A29C57263B /* Foundation.ttf */,
				40D0AF613C1A4641A0FC53FD /* Ionicons.ttf */,
				7412AE3E73704AF899BB23F1 /* MaterialIcons.ttf */,
				2BFD8204FA6A400C87751025 /* Octicons.ttf */,
				1CA555BF07B34B10AEBC86B0 /* Zocial.ttf */,
				F318717567ED439CAA7CDD63 /* rubicon-icon-font.ttf */,
				A2E4D4E194DC4F61B2E45B32 /* OFL.txt */,
				ED29697231144237AC93CF7F /* MaterialCommunityIcons.ttf */,
				A46A8BE62EA74940BB8420AD /* SimpleLineIcons.ttf */,
				C8B48FB7CBFA480CB98352F6 /* NotoSans-Bold.ttf */,
				46340B5CE60B410D8D45FDB8 /* NotoSans-BoldItalic.ttf */,
				0F3BFB404C484C29ACEF8711 /* NotoSans-Italic.ttf */,
				45337005DD2745CC8195F259 /* NotoSans-Regular.ttf */,
				04994A8A6F2645F28C713EB1 /* NotoSerif-Bold.ttf */,
				F2DE3FD09AFA469B86FFA900 /* NotoSerif-BoldItalic.ttf */,
				7B14C819A19E4C38A4F629C7 /* NotoSerif-Italic.ttf */,
				35DA45BB83D6431086672796 /* NotoSerif-Regular.ttf */,
			);
			name = Resources;
			sourceTree = "<group>";
		};
/* End PBXGroup section */

/* Begin PBXNativeTarget section */
		00E356ED1AD99517003FC87E /* ShoutemAppTests */ = {
			isa = PBXNativeTarget;
			buildConfigurationList = 00E357021AD99517003FC87E /* Build configuration list for PBXNativeTarget "ShoutemAppTests" */;
			buildPhases = (
				4A333E67172F6AF2285CA397 /* [CP] Check Pods Manifest.lock */,
				00E356EA1AD99517003FC87E /* Sources */,
				00E356EB1AD99517003FC87E /* Frameworks */,
				00E356EC1AD99517003FC87E /* Resources */,
				A19EF7D7EB5598007CEF0E28 /* [CP] Embed Pods Frameworks */,
				34DB940A0566B01887061471 /* [CP] Copy Pods Resources */,
			);
			buildRules = (
			);
			dependencies = (
				00E356F51AD99517003FC87E /* PBXTargetDependency */,
			);
			name = ShoutemAppTests;
			productName = ShoutemAppTests;
			productReference = 00E356EE1AD99517003FC87E /* ShoutemAppTests.xctest */;
			productType = "com.apple.product-type.bundle.unit-test";
		};
		13B07F861A680F5B00A75B9A /* ShoutemApp */ = {
			isa = PBXNativeTarget;
			buildConfigurationList = 13B07F931A680F5B00A75B9A /* Build configuration list for PBXNativeTarget "ShoutemApp" */;
			buildPhases = (
				424FDCA7D9DE6B5D5871D305 /* [CP] Check Pods Manifest.lock */,
				13B07F8C1A680F5B00A75B9A /* Frameworks */,
				13B07F871A680F5B00A75B9A /* Sources */,
				13B07F8E1A680F5B00A75B9A /* Resources */,
				00DD1BFF1BD5951E006B06BC /* Bundle React Native code and images */,
				07EC1A4B9E2DC8F4C6C44009 /* [CP] Embed Pods Frameworks */,
				5989509EC90B0F9566864CBA /* [CP] Copy Pods Resources */,
			);
			buildRules = (
			);
			dependencies = (
			);
			name = ShoutemApp;
			productName = "Hello World";
			productReference = 13B07F961A680F5B00A75B9A /* ShoutemApp.app */;
			productType = "com.apple.product-type.application";
		};
/* End PBXNativeTarget section */

/* Begin PBXProject section */
		83CBB9F71A601CBA00E9B192 /* Project object */ = {
			isa = PBXProject;
			attributes = {
				LastUpgradeCheck = 810;
				ORGANIZATIONNAME = Facebook;
				TargetAttributes = {
					00E356ED1AD99517003FC87E = {
						CreatedOnToolsVersion = 6.2;
						TestTargetID = 13B07F861A680F5B00A75B9A;
					};
					13B07F861A680F5B00A75B9A = {
						ProvisioningStyle = Manual;
						SystemCapabilities = {
							com.apple.BackgroundModes = {
								enabled = 1;
							};
							com.apple.Push = {
								enabled = 1;
							};
						};
					};
				};
			};
			buildConfigurationList = 83CBB9FA1A601CBA00E9B192 /* Build configuration list for PBXProject "ShoutemApp" */;
			compatibilityVersion = "Xcode 3.2";
			developmentRegion = English;
			hasScannedForEncodings = 0;
			knownRegions = (
				en,
				Base,
			);
			mainGroup = 83CBB9F61A601CBA00E9B192;
			productRefGroup = 83CBBA001A601CBA00E9B192 /* Products */;
			projectDirPath = "";
			projectReferences = (
				{
					ProductGroup = 00C302A81ABCB8CE00DB3ED1 /* Products */;
					ProjectRef = 00C302A71ABCB8CE00DB3ED1 /* RCTActionSheet.xcodeproj */;
				},
				{
					ProductGroup = 8DD9E6671DF8604E00D85AF6 /* Products */;
					ProjectRef = 8DD9E6661DF8604E00D85AF6 /* RCTAnimation.xcodeproj */;
				},
				{
					ProductGroup = 00C302B61ABCB90400DB3ED1 /* Products */;
					ProjectRef = 00C302B51ABCB90400DB3ED1 /* RCTGeolocation.xcodeproj */;
				},
				{
					ProductGroup = 00C302BC1ABCB91800DB3ED1 /* Products */;
					ProjectRef = 00C302BB1ABCB91800DB3ED1 /* RCTImage.xcodeproj */;
				},
				{
					ProductGroup = 279BE6751D9D0A190038502E /* Products */;
					ProjectRef = 279BE6741D9D0A190038502E /* RCTLinking.xcodeproj */;
				},
				{
					ProductGroup = 00C302D41ABCB9D200DB3ED1 /* Products */;
					ProjectRef = 00C302D31ABCB9D200DB3ED1 /* RCTNetwork.xcodeproj */;
				},
				{
					ProductGroup = 139105B71AF99BAD00B5F7CC /* Products */;
					ProjectRef = 139105B61AF99BAD00B5F7CC /* RCTSettings.xcodeproj */;
				},
				{
					ProductGroup = 832341B11AAA6A8300B99B32 /* Products */;
					ProjectRef = 832341B01AAA6A8300B99B32 /* RCTText.xcodeproj */;
				},
				{
					ProductGroup = 00C302E01ABCB9EE00DB3ED1 /* Products */;
					ProjectRef = 00C302DF1ABCB9EE00DB3ED1 /* RCTVibration.xcodeproj */;
				},
				{
					ProductGroup = 139FDEE71B06529A00C62182 /* Products */;
					ProjectRef = 139FDEE61B06529A00C62182 /* RCTWebSocket.xcodeproj */;
				},
				{
					ProductGroup = 146834001AC3E56700842450 /* Products */;
					ProjectRef = 146833FF1AC3E56700842450 /* React.xcodeproj */;
				},
			);
			projectRoot = "";
			targets = (
				13B07F861A680F5B00A75B9A /* ShoutemApp */,
				00E356ED1AD99517003FC87E /* ShoutemAppTests */,
			);
		};
/* End PBXProject section */

/* Begin PBXReferenceProxy section */
		00C302AC1ABCB8CE00DB3ED1 /* libRCTActionSheet.a */ = {
			isa = PBXReferenceProxy;
			fileType = archive.ar;
			path = libRCTActionSheet.a;
			remoteRef = 00C302AB1ABCB8CE00DB3ED1 /* PBXContainerItemProxy */;
			sourceTree = BUILT_PRODUCTS_DIR;
		};
		00C302BA1ABCB90400DB3ED1 /* libRCTGeolocation.a */ = {
			isa = PBXReferenceProxy;
			fileType = archive.ar;
			path = libRCTGeolocation.a;
			remoteRef = 00C302B91ABCB90400DB3ED1 /* PBXContainerItemProxy */;
			sourceTree = BUILT_PRODUCTS_DIR;
		};
		00C302C01ABCB91800DB3ED1 /* libRCTImage.a */ = {
			isa = PBXReferenceProxy;
			fileType = archive.ar;
			path = libRCTImage.a;
			remoteRef = 00C302BF1ABCB91800DB3ED1 /* PBXContainerItemProxy */;
			sourceTree = BUILT_PRODUCTS_DIR;
		};
		00C302DC1ABCB9D200DB3ED1 /* libRCTNetwork.a */ = {
			isa = PBXReferenceProxy;
			fileType = archive.ar;
			path = libRCTNetwork.a;
			remoteRef = 00C302DB1ABCB9D200DB3ED1 /* PBXContainerItemProxy */;
			sourceTree = BUILT_PRODUCTS_DIR;
		};
		00C302E41ABCB9EE00DB3ED1 /* libRCTVibration.a */ = {
			isa = PBXReferenceProxy;
			fileType = archive.ar;
			path = libRCTVibration.a;
			remoteRef = 00C302E31ABCB9EE00DB3ED1 /* PBXContainerItemProxy */;
			sourceTree = BUILT_PRODUCTS_DIR;
		};
		139105C11AF99BAD00B5F7CC /* libRCTSettings.a */ = {
			isa = PBXReferenceProxy;
			fileType = archive.ar;
			path = libRCTSettings.a;
			remoteRef = 139105C01AF99BAD00B5F7CC /* PBXContainerItemProxy */;
			sourceTree = BUILT_PRODUCTS_DIR;
		};
		139FDEF41B06529B00C62182 /* libRCTWebSocket.a */ = {
			isa = PBXReferenceProxy;
			fileType = archive.ar;
			path = libRCTWebSocket.a;
			remoteRef = 139FDEF31B06529B00C62182 /* PBXContainerItemProxy */;
			sourceTree = BUILT_PRODUCTS_DIR;
		};
		146834041AC3E56700842450 /* libReact.a */ = {
			isa = PBXReferenceProxy;
			fileType = archive.ar;
			path = libReact.a;
			remoteRef = 146834031AC3E56700842450 /* PBXContainerItemProxy */;
			sourceTree = BUILT_PRODUCTS_DIR;
		};
		279BE6791D9D0A190038502E /* libRCTLinking.a */ = {
			isa = PBXReferenceProxy;
			fileType = archive.ar;
			path = libRCTLinking.a;
			remoteRef = 279BE6781D9D0A190038502E /* PBXContainerItemProxy */;
			sourceTree = BUILT_PRODUCTS_DIR;
		};
		832341B51AAA6A8300B99B32 /* libRCTText.a */ = {
			isa = PBXReferenceProxy;
			fileType = archive.ar;
			path = libRCTText.a;
			remoteRef = 832341B41AAA6A8300B99B32 /* PBXContainerItemProxy */;
			sourceTree = BUILT_PRODUCTS_DIR;
		};
		8DD9E58D1DF8577F00D85AF6 /* libRCTImage-tvOS.a */ = {
			isa = PBXReferenceProxy;
			fileType = archive.ar;
			path = "libRCTImage-tvOS.a";
			remoteRef = 8DD9E58C1DF8577F00D85AF6 /* PBXContainerItemProxy */;
			sourceTree = BUILT_PRODUCTS_DIR;
		};
		8DD9E5911DF8577F00D85AF6 /* libRCTLinking-tvOS.a */ = {
			isa = PBXReferenceProxy;
			fileType = archive.ar;
			path = "libRCTLinking-tvOS.a";
			remoteRef = 8DD9E5901DF8577F00D85AF6 /* PBXContainerItemProxy */;
			sourceTree = BUILT_PRODUCTS_DIR;
		};
		8DD9E5951DF8577F00D85AF6 /* libRCTNetwork-tvOS.a */ = {
			isa = PBXReferenceProxy;
			fileType = archive.ar;
			path = "libRCTNetwork-tvOS.a";
			remoteRef = 8DD9E5941DF8577F00D85AF6 /* PBXContainerItemProxy */;
			sourceTree = BUILT_PRODUCTS_DIR;
		};
		8DD9E59A1DF8577F00D85AF6 /* libRCTSettings-tvOS.a */ = {
			isa = PBXReferenceProxy;
			fileType = archive.ar;
			path = "libRCTSettings-tvOS.a";
			remoteRef = 8DD9E5991DF8577F00D85AF6 /* PBXContainerItemProxy */;
			sourceTree = BUILT_PRODUCTS_DIR;
		};
		8DD9E59E1DF8577F00D85AF6 /* libRCTText-tvOS.a */ = {
			isa = PBXReferenceProxy;
			fileType = archive.ar;
			path = "libRCTText-tvOS.a";
			remoteRef = 8DD9E59D1DF8577F00D85AF6 /* PBXContainerItemProxy */;
			sourceTree = BUILT_PRODUCTS_DIR;
		};
		8DD9E5A41DF8577F00D85AF6 /* libRCTWebSocket-tvOS.a */ = {
			isa = PBXReferenceProxy;
			fileType = archive.ar;
			path = "libRCTWebSocket-tvOS.a";
			remoteRef = 8DD9E5A31DF8577F00D85AF6 /* PBXContainerItemProxy */;
			sourceTree = BUILT_PRODUCTS_DIR;
		};
		8DD9E5A81DF8577F00D85AF6 /* libReact-tvOS.a */ = {
			isa = PBXReferenceProxy;
			fileType = archive.ar;
			path = "libReact-tvOS.a";
			remoteRef = 8DD9E5A71DF8577F00D85AF6 /* PBXContainerItemProxy */;
			sourceTree = BUILT_PRODUCTS_DIR;
		};
		8DD9E66C1DF8604E00D85AF6 /* libRCTAnimation.a */ = {
			isa = PBXReferenceProxy;
			fileType = archive.ar;
			path = libRCTAnimation.a;
			remoteRef = 8DD9E66B1DF8604E00D85AF6 /* PBXContainerItemProxy */;
			sourceTree = BUILT_PRODUCTS_DIR;
		};
		8DD9E66E1DF8604E00D85AF6 /* libRCTAnimation-tvOS.a */ = {
			isa = PBXReferenceProxy;
			fileType = archive.ar;
			path = "libRCTAnimation-tvOS.a";
			remoteRef = 8DD9E66D1DF8604E00D85AF6 /* PBXContainerItemProxy */;
			sourceTree = BUILT_PRODUCTS_DIR;
		};
/* End PBXReferenceProxy section */

/* Begin PBXResourcesBuildPhase section */
		00E356EC1AD99517003FC87E /* Resources */ = {
			isa = PBXResourcesBuildPhase;
			buildActionMask = 2147483647;
			files = (
			);
			runOnlyForDeploymentPostprocessing = 0;
		};
		13B07F8E1A680F5B00A75B9A /* Resources */ = {
			isa = PBXResourcesBuildPhase;
			buildActionMask = 2147483647;
			files = (
				13B07FBF1A68108700A75B9A /* Images.xcassets in Resources */,
				4E2762864E76495CA720B072 /* Rubik-Black.ttf in Resources */,
				E2CAE3A4905749BD9D3E55FD /* Rubik-BlackItalic.ttf in Resources */,
				70C55EAC39184B92A63CF853 /* Rubik-Bold.ttf in Resources */,
				7B2977FC4CF24707A62677C4 /* Rubik-BoldItalic.ttf in Resources */,
				0C0D5CD0FCF14733B5FEA643 /* Rubik-Italic.ttf in Resources */,
				0EB83006BFF548A290759A49 /* Rubik-Light.ttf in Resources */,
				923FC9DB07B54381AA40A51A /* Rubik-LightItalic.ttf in Resources */,
				9AE20636A8574C3DAA173F91 /* Rubik-Medium.ttf in Resources */,
				6DF4BDC11B5F40E7B484208F /* Rubik-MediumItalic.ttf in Resources */,
				AA3818E08E2C49C8A2B5EEFD /* Rubik-Regular.ttf in Resources */,
				A098A3017E7246A89E7E7D6C /* Entypo.ttf in Resources */,
				576B8ABE2E1947A5909B1925 /* EvilIcons.ttf in Resources */,
				6279BF3F4E1F4C3D8CF5EAE5 /* FontAwesome.ttf in Resources */,
				DEC43DEE96D54419BD05F659 /* Foundation.ttf in Resources */,
				14FB65A5708F47B3A0A42938 /* Ionicons.ttf in Resources */,
				7EB9E0ABCB3646F3AD0825FE /* MaterialIcons.ttf in Resources */,
				A1F8E3AA3C3C4D1487B915E4 /* Octicons.ttf in Resources */,
				DEBCAA5F2CD749ADB242AB07 /* Zocial.ttf in Resources */,
				9948637768A541F383D5B20E /* rubicon-icon-font.ttf in Resources */,
				2787A9AA1DFB06A400CED4F3 /* LaunchScreen.xib in Resources */,
				4A70736E87B94476BC6D3E01 /* OFL.txt in Resources */,
				F57FC8DC2125435FB375A2BB /* MaterialCommunityIcons.ttf in Resources */,
				4EF328E4CE2348CBB62F4404 /* SimpleLineIcons.ttf in Resources */,
				49B8BE38888741A0A1A2B673 /* NotoSans-Bold.ttf in Resources */,
				99EF5FA832FB4790A4977B65 /* NotoSans-BoldItalic.ttf in Resources */,
				790BEF53803448B1B5A6029C /* NotoSans-Italic.ttf in Resources */,
				92E4DB04208141C79A6D7A27 /* NotoSans-Regular.ttf in Resources */,
				B57D351EDBFB4173A5D3FD2D /* NotoSerif-Bold.ttf in Resources */,
				0F9FCB4573CA447B915287C0 /* NotoSerif-BoldItalic.ttf in Resources */,
				87E01CB6A43B4BF4B2DB54FF /* NotoSerif-Italic.ttf in Resources */,
				9856F9A0963847279A080B2D /* NotoSerif-Regular.ttf in Resources */,
			);
			runOnlyForDeploymentPostprocessing = 0;
		};
/* End PBXResourcesBuildPhase section */

/* Begin PBXShellScriptBuildPhase section */
		00DD1BFF1BD5951E006B06BC /* Bundle React Native code and images */ = {
			isa = PBXShellScriptBuildPhase;
			buildActionMask = 2147483647;
			files = (
			);
			inputPaths = (
			);
			name = "Bundle React Native code and images";
			outputPaths = (
			);
			runOnlyForDeploymentPostprocessing = 0;
			shellPath = /bin/sh;
			shellScript = "export NODE_BINARY=node\n../node_modules/react-native/packager/react-native-xcode.sh";
		};
		07EC1A4B9E2DC8F4C6C44009 /* [CP] Embed Pods Frameworks */ = {
			isa = PBXShellScriptBuildPhase;
			buildActionMask = 2147483647;
			files = (
			);
			inputPaths = (
				"${SRCROOT}/Pods/Target Support Files/Pods-ShoutemApp/Pods-ShoutemApp-frameworks.sh",
				"${BUILT_PRODUCTS_DIR}/Flurry-iOS-SDK/Flurry_iOS_SDK.framework",
				"${BUILT_PRODUCTS_DIR}/Mobile-Buy-SDK/Buy.framework",
			);
			name = "[CP] Embed Pods Frameworks";
			outputPaths = (
				"${TARGET_BUILD_DIR}/${FRAMEWORKS_FOLDER_PATH}/Flurry_iOS_SDK.framework",
				"${TARGET_BUILD_DIR}/${FRAMEWORKS_FOLDER_PATH}/Buy.framework",
			);
			runOnlyForDeploymentPostprocessing = 0;
			shellPath = /bin/sh;
			shellScript = "\"${SRCROOT}/Pods/Target Support Files/Pods-ShoutemApp/Pods-ShoutemApp-frameworks.sh\"\n";
			showEnvVarsInLog = 0;
		};
		34DB940A0566B01887061471 /* [CP] Copy Pods Resources */ = {
			isa = PBXShellScriptBuildPhase;
			buildActionMask = 2147483647;
			files = (
			);
			inputPaths = (
			);
			name = "[CP] Copy Pods Resources";
			outputPaths = (
			);
			runOnlyForDeploymentPostprocessing = 0;
			shellPath = /bin/sh;
			shellScript = "\"${SRCROOT}/Pods/Target Support Files/Pods-ShoutemAppTests/Pods-ShoutemAppTests-resources.sh\"\n";
			showEnvVarsInLog = 0;
		};
		424FDCA7D9DE6B5D5871D305 /* [CP] Check Pods Manifest.lock */ = {
			isa = PBXShellScriptBuildPhase;
			buildActionMask = 2147483647;
			files = (
			);
			inputPaths = (
				"${PODS_PODFILE_DIR_PATH}/Podfile.lock",
				"${PODS_ROOT}/Manifest.lock",
			);
			name = "[CP] Check Pods Manifest.lock";
			outputPaths = (
				"$(DERIVED_FILE_DIR)/Pods-ShoutemApp-checkManifestLockResult.txt",
			);
			runOnlyForDeploymentPostprocessing = 0;
			shellPath = /bin/sh;
			shellScript = "diff \"${PODS_PODFILE_DIR_PATH}/Podfile.lock\" \"${PODS_ROOT}/Manifest.lock\" > /dev/null\nif [ $? != 0 ] ; then\n    # print error to STDERR\n    echo \"error: The sandbox is not in sync with the Podfile.lock. Run 'pod install' or update your CocoaPods installation.\" >&2\n    exit 1\nfi\n# This output is used by Xcode 'outputs' to avoid re-running this script phase.\necho \"SUCCESS\" > \"${SCRIPT_OUTPUT_FILE_0}\"\n";
			showEnvVarsInLog = 0;
		};
		4A333E67172F6AF2285CA397 /* [CP] Check Pods Manifest.lock */ = {
			isa = PBXShellScriptBuildPhase;
			buildActionMask = 2147483647;
			files = (
			);
			inputPaths = (
				"${PODS_PODFILE_DIR_PATH}/Podfile.lock",
				"${PODS_ROOT}/Manifest.lock",
			);
			name = "[CP] Check Pods Manifest.lock";
			outputPaths = (
				"$(DERIVED_FILE_DIR)/Pods-ShoutemAppTests-checkManifestLockResult.txt",
			);
			runOnlyForDeploymentPostprocessing = 0;
			shellPath = /bin/sh;
			shellScript = "diff \"${PODS_PODFILE_DIR_PATH}/Podfile.lock\" \"${PODS_ROOT}/Manifest.lock\" > /dev/null\nif [ $? != 0 ] ; then\n    # print error to STDERR\n    echo \"error: The sandbox is not in sync with the Podfile.lock. Run 'pod install' or update your CocoaPods installation.\" >&2\n    exit 1\nfi\n# This output is used by Xcode 'outputs' to avoid re-running this script phase.\necho \"SUCCESS\" > \"${SCRIPT_OUTPUT_FILE_0}\"\n";
			showEnvVarsInLog = 0;
		};
		5989509EC90B0F9566864CBA /* [CP] Copy Pods Resources */ = {
			isa = PBXShellScriptBuildPhase;
			buildActionMask = 2147483647;
			files = (
			);
			inputPaths = (
			);
			name = "[CP] Copy Pods Resources";
			outputPaths = (
			);
			runOnlyForDeploymentPostprocessing = 0;
			shellPath = /bin/sh;
			shellScript = "\"${SRCROOT}/Pods/Target Support Files/Pods-ShoutemApp/Pods-ShoutemApp-resources.sh\"\n";
			showEnvVarsInLog = 0;
		};
		A19EF7D7EB5598007CEF0E28 /* [CP] Embed Pods Frameworks */ = {
			isa = PBXShellScriptBuildPhase;
			buildActionMask = 2147483647;
			files = (
			);
			inputPaths = (
			);
			name = "[CP] Embed Pods Frameworks";
			outputPaths = (
			);
			runOnlyForDeploymentPostprocessing = 0;
			shellPath = /bin/sh;
			shellScript = "\"${SRCROOT}/Pods/Target Support Files/Pods-ShoutemAppTests/Pods-ShoutemAppTests-frameworks.sh\"\n";
			showEnvVarsInLog = 0;
		};
/* End PBXShellScriptBuildPhase section */

/* Begin PBXSourcesBuildPhase section */
		00E356EA1AD99517003FC87E /* Sources */ = {
			isa = PBXSourcesBuildPhase;
			buildActionMask = 2147483647;
			files = (
				00E356F31AD99517003FC87E /* ShoutemAppTests.m in Sources */,
			);
			runOnlyForDeploymentPostprocessing = 0;
		};
		13B07F871A680F5B00A75B9A /* Sources */ = {
			isa = PBXSourcesBuildPhase;
			buildActionMask = 2147483647;
			files = (
				13B07FBC1A68108700A75B9A /* AppDelegate.m in Sources */,
				13B07FC11A68108700A75B9A /* main.m in Sources */,
				D64F0C63205D43CAA316AD69 /* Permissions.m in Sources */,
			);
			runOnlyForDeploymentPostprocessing = 0;
		};
/* End PBXSourcesBuildPhase section */

/* Begin PBXTargetDependency section */
		00E356F51AD99517003FC87E /* PBXTargetDependency */ = {
			isa = PBXTargetDependency;
			target = 13B07F861A680F5B00A75B9A /* ShoutemApp */;
			targetProxy = 00E356F41AD99517003FC87E /* PBXContainerItemProxy */;
		};
/* End PBXTargetDependency section */

/* Begin XCBuildConfiguration section */
		00E356F61AD99517003FC87E /* Debug */ = {
			isa = XCBuildConfiguration;
			baseConfigurationReference = 2DDC59E0D8C32077F6ADA52C /* Pods-ShoutemAppTests.debug.xcconfig */;
			buildSettings = {
				BUNDLE_LOADER = "$(TEST_HOST)";
				GCC_PREPROCESSOR_DEFINITIONS = (
					"DEBUG=1",
					"$(inherited)",
				);
				INFOPLIST_FILE = ShoutemAppTests/Info.plist;
				IPHONEOS_DEPLOYMENT_TARGET = 8.2;
				LD_RUNPATH_SEARCH_PATHS = "$(inherited) @executable_path/Frameworks @loader_path/Frameworks";
				LIBRARY_SEARCH_PATHS = (
					"$(inherited)",
					"\"$(SRCROOT)/$(TARGET_NAME)\"",
					"\"$(SRCROOT)/$(TARGET_NAME)\"",
					"\"$(SRCROOT)/$(TARGET_NAME)\"",
					"\"$(SRCROOT)/$(TARGET_NAME)\"",
					"\"$(SRCROOT)/$(TARGET_NAME)\"",
					"\"$(SRCROOT)/$(TARGET_NAME)\"",
					"\"$(SRCROOT)/$(TARGET_NAME)\"",
					"\"$(SRCROOT)/$(TARGET_NAME)\"",
					"\"$(SRCROOT)/$(TARGET_NAME)\"",
					"\"$(SRCROOT)/$(TARGET_NAME)\"",
					"\"$(SRCROOT)/$(TARGET_NAME)\"",
					"\"$(SRCROOT)/$(TARGET_NAME)\"",
					"\"$(SRCROOT)/$(TARGET_NAME)\"",
					"\"$(SRCROOT)/$(TARGET_NAME)\"",
					"\"$(SRCROOT)/$(TARGET_NAME)\"",
					"\"$(SRCROOT)/$(TARGET_NAME)\"",
				);
				OTHER_LDFLAGS = "-lc++";
				PRODUCT_BUNDLE_IDENTIFIER = "org.reactjs.native.example.$(PRODUCT_NAME:rfc1034identifier)";
				PRODUCT_NAME = "$(TARGET_NAME)";
				TEST_HOST = "$(BUILT_PRODUCTS_DIR)/ShoutemApp.app/ShoutemApp";
			};
			name = Debug;
		};
		00E356F71AD99517003FC87E /* Release */ = {
			isa = XCBuildConfiguration;
			baseConfigurationReference = F2B97DDCD12FAFAC2137DF67 /* Pods-ShoutemAppTests.release.xcconfig */;
			buildSettings = {
				BUNDLE_LOADER = "$(TEST_HOST)";
				COPY_PHASE_STRIP = NO;
				INFOPLIST_FILE = ShoutemAppTests/Info.plist;
				IPHONEOS_DEPLOYMENT_TARGET = 8.2;
				LD_RUNPATH_SEARCH_PATHS = "$(inherited) @executable_path/Frameworks @loader_path/Frameworks";
				LIBRARY_SEARCH_PATHS = (
					"$(inherited)",
					"\"$(SRCROOT)/$(TARGET_NAME)\"",
					"\"$(SRCROOT)/$(TARGET_NAME)\"",
					"\"$(SRCROOT)/$(TARGET_NAME)\"",
					"\"$(SRCROOT)/$(TARGET_NAME)\"",
					"\"$(SRCROOT)/$(TARGET_NAME)\"",
					"\"$(SRCROOT)/$(TARGET_NAME)\"",
					"\"$(SRCROOT)/$(TARGET_NAME)\"",
					"\"$(SRCROOT)/$(TARGET_NAME)\"",
					"\"$(SRCROOT)/$(TARGET_NAME)\"",
					"\"$(SRCROOT)/$(TARGET_NAME)\"",
					"\"$(SRCROOT)/$(TARGET_NAME)\"",
					"\"$(SRCROOT)/$(TARGET_NAME)\"",
					"\"$(SRCROOT)/$(TARGET_NAME)\"",
					"\"$(SRCROOT)/$(TARGET_NAME)\"",
					"\"$(SRCROOT)/$(TARGET_NAME)\"",
					"\"$(SRCROOT)/$(TARGET_NAME)\"",
				);
				OTHER_LDFLAGS = "-lc++";
				PRODUCT_BUNDLE_IDENTIFIER = "org.reactjs.native.example.$(PRODUCT_NAME:rfc1034identifier)";
				PRODUCT_NAME = "$(TARGET_NAME)";
				TEST_HOST = "$(BUILT_PRODUCTS_DIR)/ShoutemApp.app/ShoutemApp";
			};
			name = Release;
		};
		13B07F941A680F5B00A75B9A /* Debug */ = {
			isa = XCBuildConfiguration;
			baseConfigurationReference = 21511D369623E94092CF2E24 /* Pods-ShoutemApp.debug.xcconfig */;
			buildSettings = {
				ASSETCATALOG_COMPILER_APPICON_NAME = AppIcon;
				ASSETCATALOG_COMPILER_LAUNCHIMAGE_NAME = LaunchImage;
				CODE_SIGN_ENTITLEMENTS = ShoutemApp/ShoutemApp.entitlements;
				DEAD_CODE_STRIPPING = NO;
				DEVELOPMENT_TEAM = "";
				FRAMEWORK_SEARCH_PATHS = (
					"$(inherited)",
					"$(PROJECT_DIR)/Frameworks",
				);
				HEADER_SEARCH_PATHS = (
					"$(inherited)",
					/Applications/Xcode.app/Contents/Developer/Toolchains/XcodeDefault.xctoolchain/usr/include,
					"$(SRCROOT)/../node_modules/react-native/React/**",
					"$(SRCROOT)/../node_modules/react-native-share/ios",
					"$(SRCROOT)/../node_modules/react-native/Libraries/**",
					"$(SRCROOT)/../node_modules/react-native-vector-icons/RNVectorIconsManager",
					"$(SRCROOT)/../node_modules/react-native-calendar-manager/CalendarManager",
					"$(SRCROOT)/../node_modules/react-native-vector-icons/RNVectorIconsManager",
					"$(SRCROOT)/../node_modules/react-native-linear-gradient/BVLinearGradient",
					"$(SRCROOT)/../node_modules/react-native-share/ios",
					"$(SRCROOT)/../node_modules/react-native-image-picker/ios",
					"$(SRCROOT)/../node_modules/react-native-calendar-manager/CalendarManager",
					"$(SRCROOT)/../node_modules/react-native-code-push/ios/CodePush/**",
					"$(SRCROOT)/../node_modules/react-native-fbsdk/ios/RCTFBSDK/**",
					"$(SRCROOT)/../node_modules/react-native-google-analytics-bridge/ios/RCTGoogleAnalyticsBridge/**",
					"$(SRCROOT)/../node_modules/react-native-restart/ios/RCTRestart",
					"$(SRCROOT)/../node_modules/react-native-maps/ios/**",
					"$(SRCROOT)/../node_modules/react-native-splash-screen/ios",
					"$(SRCROOT)/../node_modules/react-native-video/ios",
					"$(SRCROOT)/../node_modules/react-native-device-info/RNDeviceInfo",
					"$(SRCROOT)/../node_modules/react-native-camera/ios",
					"$(SRCROOT)/../node_modules/react-native-flurry-analytics/ios",
					"$(SRCROOT)/../node_modules/react-native-shopify/ios",
				);
				INFOPLIST_FILE = ShoutemApp/Info.plist;
				LD_RUNPATH_SEARCH_PATHS = "$(inherited) @executable_path/Frameworks";
				OTHER_LDFLAGS = (
					"$(inherited)",
					"-ObjC",
					"-lc++",
				);
				PRODUCT_BUNDLE_IDENTIFIER = "";
				PRODUCT_NAME = ShoutemApp;
			};
			name = Debug;
		};
		13B07F951A680F5B00A75B9A /* Release */ = {
			isa = XCBuildConfiguration;
			baseConfigurationReference = 39D05F48D8E5C8A959C4943F /* Pods-ShoutemApp.release.xcconfig */;
			buildSettings = {
				ASSETCATALOG_COMPILER_APPICON_NAME = AppIcon;
				ASSETCATALOG_COMPILER_LAUNCHIMAGE_NAME = LaunchImage;
				CODE_SIGN_ENTITLEMENTS = ShoutemApp/ShoutemApp.entitlements;
				DEVELOPMENT_TEAM = "";
				FRAMEWORK_SEARCH_PATHS = (
					"$(inherited)",
					"$(PROJECT_DIR)/Frameworks",
				);
				HEADER_SEARCH_PATHS = (
					"$(inherited)",
					/Applications/Xcode.app/Contents/Developer/Toolchains/XcodeDefault.xctoolchain/usr/include,
					"$(SRCROOT)/../node_modules/react-native/React/**",
					"$(SRCROOT)/../node_modules/react-native-share/ios",
					"$(SRCROOT)/../node_modules/react-native/Libraries/**",
					"$(SRCROOT)/../node_modules/react-native-vector-icons/RNVectorIconsManager",
					"$(SRCROOT)/../node_modules/react-native-calendar-manager/CalendarManager",
					"$(SRCROOT)/../node_modules/react-native-vector-icons/RNVectorIconsManager",
					"$(SRCROOT)/../node_modules/react-native-linear-gradient/BVLinearGradient",
					"$(SRCROOT)/../node_modules/react-native-share/ios",
					"$(SRCROOT)/../node_modules/react-native-image-picker/ios",
					"$(SRCROOT)/../node_modules/react-native-calendar-manager/CalendarManager",
					"$(SRCROOT)/../node_modules/react-native-code-push/ios/CodePush/**",
					"$(SRCROOT)/../node_modules/react-native-fbsdk/ios/RCTFBSDK/**",
					"$(SRCROOT)/../node_modules/react-native-google-analytics-bridge/ios/RCTGoogleAnalyticsBridge/**",
					"$(SRCROOT)/../node_modules/react-native-restart/ios/RCTRestart",
					"$(SRCROOT)/../node_modules/react-native-maps/ios/**",
					"$(SRCROOT)/../node_modules/react-native-splash-screen/ios",
					"$(SRCROOT)/../node_modules/react-native-video/ios",
					"$(SRCROOT)/../node_modules/react-native-device-info/RNDeviceInfo",
					"$(SRCROOT)/../node_modules/react-native-camera/ios",
					"$(SRCROOT)/../node_modules/react-native-flurry-analytics/ios",
					"$(SRCROOT)/../node_modules/react-native-shopify/ios",
				);
				INFOPLIST_FILE = ShoutemApp/Info.plist;
				LD_RUNPATH_SEARCH_PATHS = "$(inherited) @executable_path/Frameworks";
				OTHER_LDFLAGS = (
					"$(inherited)",
					"-ObjC",
					"-lc++",
				);
				PRODUCT_BUNDLE_IDENTIFIER = "";
				PRODUCT_NAME = ShoutemApp;
			};
			name = Release;
		};
		83CBBA201A601CBA00E9B192 /* Debug */ = {
			isa = XCBuildConfiguration;
			buildSettings = {
				ALWAYS_SEARCH_USER_PATHS = NO;
				CLANG_CXX_LANGUAGE_STANDARD = "gnu++0x";
				CLANG_CXX_LIBRARY = "libc++";
				CLANG_ENABLE_MODULES = YES;
				CLANG_ENABLE_OBJC_ARC = YES;
				CLANG_WARN_BOOL_CONVERSION = YES;
				CLANG_WARN_CONSTANT_CONVERSION = YES;
				CLANG_WARN_DIRECT_OBJC_ISA_USAGE = YES_ERROR;
				CLANG_WARN_EMPTY_BODY = YES;
				CLANG_WARN_ENUM_CONVERSION = YES;
				CLANG_WARN_INFINITE_RECURSION = YES;
				CLANG_WARN_INT_CONVERSION = YES;
				CLANG_WARN_OBJC_ROOT_CLASS = YES_ERROR;
				CLANG_WARN_SUSPICIOUS_MOVE = YES;
				CLANG_WARN_UNREACHABLE_CODE = YES;
				CLANG_WARN__DUPLICATE_METHOD_MATCH = YES;
				"CODE_SIGN_IDENTITY[sdk=iphoneos*]" = "iPhone Developer";
				COPY_PHASE_STRIP = NO;
				ENABLE_STRICT_OBJC_MSGSEND = YES;
				ENABLE_TESTABILITY = YES;
				GCC_C_LANGUAGE_STANDARD = gnu99;
				GCC_DYNAMIC_NO_PIC = NO;
				GCC_NO_COMMON_BLOCKS = YES;
				GCC_OPTIMIZATION_LEVEL = 0;
				GCC_PREPROCESSOR_DEFINITIONS = (
					"DEBUG=1",
					"$(inherited)",
				);
				GCC_SYMBOLS_PRIVATE_EXTERN = NO;
				GCC_WARN_64_TO_32_BIT_CONVERSION = YES;
				GCC_WARN_ABOUT_RETURN_TYPE = YES_ERROR;
				GCC_WARN_UNDECLARED_SELECTOR = YES;
				GCC_WARN_UNINITIALIZED_AUTOS = YES_AGGRESSIVE;
				GCC_WARN_UNUSED_FUNCTION = YES;
				GCC_WARN_UNUSED_VARIABLE = YES;
				HEADER_SEARCH_PATHS = (
					"$(inherited)",
					/Applications/Xcode.app/Contents/Developer/Toolchains/XcodeDefault.xctoolchain/usr/include,
					"$(SRCROOT)/../node_modules/react-native/React/**",
					"$(SRCROOT)/../node_modules/react-native-share/ios",
					"$(SRCROOT)/../node_modules/react-native-vector-icons/RNVectorIconsManager",
					"$(SRCROOT)/../node_modules/react-native-vector-icons/RNVectorIconsManager",
					"$(SRCROOT)/../node_modules/react-native-vector-icons/RNVectorIconsManager",
					"$(SRCROOT)/../node_modules/react-native-calendar-manager/CalendarManager",
				);
				IPHONEOS_DEPLOYMENT_TARGET = 8.0;
				MTL_ENABLE_DEBUG_INFO = YES;
				ONLY_ACTIVE_ARCH = YES;
				SDKROOT = iphoneos;
			};
			name = Debug;
		};
		83CBBA211A601CBA00E9B192 /* Release */ = {
			isa = XCBuildConfiguration;
			buildSettings = {
				ALWAYS_SEARCH_USER_PATHS = NO;
				CLANG_CXX_LANGUAGE_STANDARD = "gnu++0x";
				CLANG_CXX_LIBRARY = "libc++";
				CLANG_ENABLE_MODULES = YES;
				CLANG_ENABLE_OBJC_ARC = YES;
				CLANG_WARN_BOOL_CONVERSION = YES;
				CLANG_WARN_CONSTANT_CONVERSION = YES;
				CLANG_WARN_DIRECT_OBJC_ISA_USAGE = YES_ERROR;
				CLANG_WARN_EMPTY_BODY = YES;
				CLANG_WARN_ENUM_CONVERSION = YES;
				CLANG_WARN_INFINITE_RECURSION = YES;
				CLANG_WARN_INT_CONVERSION = YES;
				CLANG_WARN_OBJC_ROOT_CLASS = YES_ERROR;
				CLANG_WARN_SUSPICIOUS_MOVE = YES;
				CLANG_WARN_UNREACHABLE_CODE = YES;
				CLANG_WARN__DUPLICATE_METHOD_MATCH = YES;
				"CODE_SIGN_IDENTITY[sdk=iphoneos*]" = "iPhone Developer";
				COPY_PHASE_STRIP = YES;
				ENABLE_NS_ASSERTIONS = NO;
				ENABLE_STRICT_OBJC_MSGSEND = YES;
				GCC_C_LANGUAGE_STANDARD = gnu99;
				GCC_NO_COMMON_BLOCKS = YES;
				GCC_WARN_64_TO_32_BIT_CONVERSION = YES;
				GCC_WARN_ABOUT_RETURN_TYPE = YES_ERROR;
				GCC_WARN_UNDECLARED_SELECTOR = YES;
				GCC_WARN_UNINITIALIZED_AUTOS = YES_AGGRESSIVE;
				GCC_WARN_UNUSED_FUNCTION = YES;
				GCC_WARN_UNUSED_VARIABLE = YES;
				HEADER_SEARCH_PATHS = (
					"$(inherited)",
					/Applications/Xcode.app/Contents/Developer/Toolchains/XcodeDefault.xctoolchain/usr/include,
					"$(SRCROOT)/../node_modules/react-native/React/**",
					"$(SRCROOT)/../node_modules/react-native-share/ios",
					"$(SRCROOT)/../node_modules/react-native-vector-icons/RNVectorIconsManager",
					"$(SRCROOT)/../node_modules/react-native-vector-icons/RNVectorIconsManager",
					"$(SRCROOT)/../node_modules/react-native-vector-icons/RNVectorIconsManager",
					"$(SRCROOT)/../node_modules/react-native-calendar-manager/CalendarManager",
				);
				IPHONEOS_DEPLOYMENT_TARGET = 8.0;
				MTL_ENABLE_DEBUG_INFO = NO;
				ONLY_ACTIVE_ARCH = NO;
				SDKROOT = iphoneos;
				VALIDATE_PRODUCT = YES;
			};
			name = Release;
		};
/* End XCBuildConfiguration section */

/* Begin XCConfigurationList section */
		00E357021AD99517003FC87E /* Build configuration list for PBXNativeTarget "ShoutemAppTests" */ = {
			isa = XCConfigurationList;
			buildConfigurations = (
				00E356F61AD99517003FC87E /* Debug */,
				00E356F71AD99517003FC87E /* Release */,
			);
			defaultConfigurationIsVisible = 0;
			defaultConfigurationName = Release;
		};
		13B07F931A680F5B00A75B9A /* Build configuration list for PBXNativeTarget "ShoutemApp" */ = {
			isa = XCConfigurationList;
			buildConfigurations = (
				13B07F941A680F5B00A75B9A /* Debug */,
				13B07F951A680F5B00A75B9A /* Release */,
			);
			defaultConfigurationIsVisible = 0;
			defaultConfigurationName = Release;
		};
		83CBB9FA1A601CBA00E9B192 /* Build configuration list for PBXProject "ShoutemApp" */ = {
			isa = XCConfigurationList;
			buildConfigurations = (
				83CBBA201A601CBA00E9B192 /* Debug */,
				83CBBA211A601CBA00E9B192 /* Release */,
			);
			defaultConfigurationIsVisible = 0;
			defaultConfigurationName = Release;
		};
/* End XCConfigurationList section */
	};
	rootObject = 83CBB9F71A601CBA00E9B192 /* Project object */;
}
