PODS:
  - Firebase/Core (3.15.0):
    - FirebaseAnalytics (= 3.7.0)
    - FirebaseCore (= 3.5.2)
  - Firebase/Messaging (3.15.0):
    - Firebase/Core
    - FirebaseMessaging (= 1.2.2)
  - FirebaseAnalytics (3.7.0):
    - FirebaseCore (~> 3.5)
    - FirebaseInstanceID (~> 1.0)
    - GoogleToolboxForMac/NSData+zlib (~> 2.1)
  - FirebaseCore (3.5.2):
    - GoogleToolboxForMac/NSData+zlib (~> 2.1)
  - FirebaseInstanceID (1.0.9)
  - FirebaseMessaging (1.2.2):
    - FirebaseAnalytics (~> 3.7)
    - FirebaseInstanceID (~> 1.0)
    - GoogleToolboxForMac/Logger (~> 2.1)
    - Protobuf (~> 3.1)
  - GoogleToolboxForMac (2.1.1):
    - GoogleToolboxForMac/AddressBook (= 2.1.1)
    - GoogleToolboxForMac/Core (= 2.1.1)
    - GoogleToolboxForMac/DebugUtils (= 2.1.1)
    - GoogleToolboxForMac/Defines (= 2.1.1)
    - GoogleToolboxForMac/GeometryUtils (= 2.1.1)
    - GoogleToolboxForMac/iPhone (= 2.1.1)
    - GoogleToolboxForMac/KVO (= 2.1.1)
    - GoogleToolboxForMac/Logger (= 2.1.1)
    - GoogleToolboxForMac/NSData+zlib (= 2.1.1)
    - GoogleToolboxForMac/NSDictionary+URLArguments (= 2.1.1)
    - GoogleToolboxForMac/NSFileHandle+UniqueName (= 2.1.1)
    - GoogleToolboxForMac/NSScanner+JSON (= 2.1.1)
    - GoogleToolboxForMac/NSString+HTML (= 2.1.1)
    - GoogleToolboxForMac/NSString+URLArguments (= 2.1.1)
    - GoogleToolboxForMac/NSString+XML (= 2.1.1)
    - GoogleToolboxForMac/NSThread+Blocks (= 2.1.1)
    - GoogleToolboxForMac/Regex (= 2.1.1)
    - GoogleToolboxForMac/RoundedRectPath (= 2.1.1)
    - GoogleToolboxForMac/StackTrace (= 2.1.1)
    - GoogleToolboxForMac/StringEncoding (= 2.1.1)
    - GoogleToolboxForMac/SystemVersion (= 2.1.1)
    - GoogleToolboxForMac/UIFont+LineHeight (= 2.1.1)
    - GoogleToolboxForMac/UnitTesting (= 2.1.1)
    - GoogleToolboxForMac/UnitTestingAppLib (= 2.1.1)
    - GoogleToolboxForMac/URLBuilder (= 2.1.1)
  - GoogleToolboxForMac/AddressBook (2.1.1):
    - GoogleToolboxForMac/Core (= 2.1.1)
    - GoogleToolboxForMac/Defines (= 2.1.1)
  - GoogleToolboxForMac/Core (2.1.1):
    - GoogleToolboxForMac/Defines (= 2.1.1)
  - GoogleToolboxForMac/DebugUtils (2.1.1):
    - GoogleToolboxForMac/Defines (= 2.1.1)
  - GoogleToolboxForMac/Defines (2.1.1)
  - GoogleToolboxForMac/GeometryUtils (2.1.1):
    - GoogleToolboxForMac/Defines (= 2.1.1)
  - GoogleToolboxForMac/iPhone (2.1.1):
    - GoogleToolboxForMac/Defines (= 2.1.1)
  - GoogleToolboxForMac/KVO (2.1.1):
    - GoogleToolboxForMac/Core (= 2.1.1)
    - GoogleToolboxForMac/DebugUtils (= 2.1.1)
  - GoogleToolboxForMac/Logger (2.1.1):
    - GoogleToolboxForMac/Defines (= 2.1.1)
  - GoogleToolboxForMac/NSData+zlib (2.1.1):
    - GoogleToolboxForMac/Defines (= 2.1.1)
  - GoogleToolboxForMac/NSDictionary+URLArguments (2.1.1):
    - GoogleToolboxForMac/DebugUtils (= 2.1.1)
    - GoogleToolboxForMac/Defines (= 2.1.1)
    - GoogleToolboxForMac/NSString+URLArguments (= 2.1.1)
  - GoogleToolboxForMac/NSFileHandle+UniqueName (2.1.1):
    - GoogleToolboxForMac/Defines (= 2.1.1)
  - GoogleToolboxForMac/NSScanner+JSON (2.1.1):
    - GoogleToolboxForMac/Defines (= 2.1.1)
  - GoogleToolboxForMac/NSString+HTML (2.1.1):
    - GoogleToolboxForMac/Core (= 2.1.1)
  - GoogleToolboxForMac/NSString+URLArguments (2.1.1)
  - GoogleToolboxForMac/NSString+XML (2.1.1):
    - GoogleToolboxForMac/Defines (= 2.1.1)
  - GoogleToolboxForMac/NSThread+Blocks (2.1.1):
    - GoogleToolboxForMac/Defines (= 2.1.1)
  - GoogleToolboxForMac/Regex (2.1.1):
    - GoogleToolboxForMac/Defines (= 2.1.1)
  - GoogleToolboxForMac/RoundedRectPath (2.1.1):
    - GoogleToolboxForMac/Defines (= 2.1.1)
  - GoogleToolboxForMac/StackTrace (2.1.1):
    - GoogleToolboxForMac/Defines (= 2.1.1)
  - GoogleToolboxForMac/StringEncoding (2.1.1):
    - GoogleToolboxForMac/Defines (= 2.1.1)
  - GoogleToolboxForMac/SystemVersion (2.1.1):
    - GoogleToolboxForMac/Defines (= 2.1.1)
  - GoogleToolboxForMac/UIFont+LineHeight (2.1.1)
  - GoogleToolboxForMac/UnitTesting (2.1.1):
    - GoogleToolboxForMac/Defines (= 2.1.1)
    - GoogleToolboxForMac/Regex (= 2.1.1)
    - GoogleToolboxForMac/SystemVersion (= 2.1.1)
  - GoogleToolboxForMac/UnitTestingAppLib (2.1.1):
    - GoogleToolboxForMac/Defines (= 2.1.1)
    - GoogleToolboxForMac/UnitTesting (= 2.1.1)
  - GoogleToolboxForMac/URLBuilder (2.1.1):
    - GoogleToolboxForMac/Core (= 2.1.1)
    - GoogleToolboxForMac/Defines (= 2.1.1)
    - GoogleToolboxForMac/NSDictionary+URLArguments (= 2.1.1)
    - GoogleToolboxForMac/NSString+URLArguments (= 2.1.1)
  - Protobuf (3.2.0)

DEPENDENCIES:
  - Firebase/Core
  - Firebase/Messaging
  - GoogleToolboxForMac

SPEC CHECKSUMS:
  Firebase: 2b1cdfba1cda8589f32904a697cc753322bff9d8
  FirebaseAnalytics: 0d1b7d81d5021155be37702a94ba1ec16d45365d
  FirebaseCore: a024587e43778508700af8c6b1209f7c4516ba02
  FirebaseInstanceID: 2d0518b1378fe9d685ef40cbdd63d2fdc1125339
  FirebaseMessaging: df8267f378580a24174ce7861233aa11d5c90109
  GoogleToolboxForMac: 8e329f1b599f2512c6b10676d45736bcc2cbbeb0
  Protobuf: 745f59e122e5de98d4d7ef291e264a0eef80f58e

PODFILE CHECKSUM: 4801a1716b0bceb2b822c66116a50e8866a44733

COCOAPODS: 1.2.0
